PODS:
  - Base32 (1.1.2)
  - OneTimePassword (3.2.0):
    - Base32 (~> 1.1.2)
  - RxCocoa (5.0.1):
    - RxRelay (~> 5)
    - RxSwift (~> 5)
  - RxRelay (5.0.1):
    - RxSwift (~> 5)
  - RxSwift (5.0.1)

DEPENDENCIES:
  - OneTimePassword (~> 3.2)
  - RxCocoa (~> 5)
  - RxSwift (~> 5)

SPEC REPOS:
  https://github.com/cocoapods/specs.git:
    - Base32
    - OneTimePassword
    - RxCocoa
    - RxRelay
    - RxSwift

SPEC CHECKSUMS:
  Base32: 163c298644d184e89ca4e00a996bad6bf5166390
  OneTimePassword: c00ecc908e67e6c5bfda9d50b0b2e4696d0b066e
  RxCocoa: e741b9749968e8a143e2b787f1dfbff2b63d0a5c
  RxRelay: 89d54507f4fd4d969e6ec1d4bd7f3673640b4640
  RxSwift: e2dc62b366a3adf6a0be44ba9f405efd4c94e0c4

PODFILE CHECKSUM: 0168c5cc920187df587900752c62a95a7b18b46d

COCOAPODS: 1.7.5
