PODS:
  - Base32 (1.1.2)
  - BiometricAuthentication (3.1.2)
  - DynamicBlurView (4.1.0)
  - OneTimePassword (3.2.0):
    - Base32 (~> 1.1.2)
  - RxCocoa (5.1.1):
    - RxRelay (~> 5)
    - RxSwift (~> 5)
  - RxRelay (5.1.1):
    - RxSwift (~> 5)
  - RxSwift (5.1.1)
  - SnapKit (4.2.0)

DEPENDENCIES:
  - BiometricAuthentication
  - DynamicBlurView
  - OneTimePassword (~> 3.2)
  - RxCocoa (~> 5.1)
  - RxSwift (~> 5.1)
  - SnapKit (= 4.2.0)

SPEC REPOS:
  trunk:
    - Base32
    - BiometricAuthentication
    - DynamicBlurView
    - OneTimePassword
    - RxCocoa
    - RxRelay
    - RxSwift
    - SnapKit

SPEC CHECKSUMS:
  Base32: 163c298644d184e89ca4e00a996bad6bf5166390
  BiometricAuthentication: 36445f3ab77699489f91995bed887be89890afac
  DynamicBlurView: 58e18fae80bb614e34681a4486870e7d257b62e8
  OneTimePassword: c00ecc908e67e6c5bfda9d50b0b2e4696d0b066e
  RxCocoa: 32065309a38d29b5b0db858819b5bf9ef038b601
  RxRelay: d77f7d771495f43c556cbc43eebd1bb54d01e8e9
  RxSwift: 81470a2074fa8780320ea5fe4102807cb7118178
  SnapKit: fe8a619752f3f27075cc9a90244d75c6c3f27e2a

PODFILE CHECKSUM: f0bd96dd88ed50275697e7b11f01f64d8b73bdf6

COCOAPODS: 1.9.1
