// !$*UTF8*$!
{
	archiveVersion = 1;
	classes = {
	};
	objectVersion = 54;
	objects = {

/* Begin PBXBuildFile section */
		2A1E67E623BF2AB1002E639D /* NoSMSTokenURLTest.swift in Sources */ = {isa = PBXBuildFile; fileRef = 2A1E67E523BF2AB1002E639D /* NoSMSTokenURLTest.swift */; };
		2A21B08323A9C18A00922FBB /* AuthorizationManager.swift in Sources */ = {isa = PBXBuildFile; fileRef = 2A21B08223A9C18A00922FBB /* AuthorizationManager.swift */; };
		2A21B08523A9FBD800922FBB /* ChoseHowToAddToken.swift in Sources */ = {isa = PBXBuildFile; fileRef = 2A21B08423A9FBD800922FBB /* ChoseHowToAddToken.swift */; };
		2A23621123A340D1006DD184 /* UIColor+Extension.swift in Sources */ = {isa = PBXBuildFile; fileRef = 2A23621023A340D1006DD184 /* UIColor+Extension.swift */; };
		2A23621423A35154006DD184 /* UILabel+Extension+Rx.swift in Sources */ = {isa = PBXBuildFile; fileRef = 2A23621323A35154006DD184 /* UILabel+Extension+Rx.swift */; };
		2A2AF08A238F9A0F00BCC143 /* PhotoCheckViewController.swift in Sources */ = {isa = PBXBuildFile; fileRef = 2A2AF089238F9A0F00BCC143 /* PhotoCheckViewController.swift */; };
		2A2AF08C238FA39100BCC143 /* UIViewController+Extension.swift in Sources */ = {isa = PBXBuildFile; fileRef = 2A2AF08B238FA39100BCC143 /* UIViewController+Extension.swift */; };
		2A3A846823AB133C002D4482 /* NoSMSHUD.swift in Sources */ = {isa = PBXBuildFile; fileRef = 2A3A846723AB133C002D4482 /* NoSMSHUD.swift */; };
		2A43D70923EA60E900E0E85C /* DigitsView.swift in Sources */ = {isa = PBXBuildFile; fileRef = 2A43D70823EA60E900E0E85C /* DigitsView.swift */; };
		2A43D70B23EA612F00E0E85C /* CircleView.swift in Sources */ = {isa = PBXBuildFile; fileRef = 2A43D70A23EA612F00E0E85C /* CircleView.swift */; };
		2A43D70D23EA650F00E0E85C /* PhotoManager.swift in Sources */ = {isa = PBXBuildFile; fileRef = 2A43D70C23EA650F00E0E85C /* PhotoManager.swift */; };
		2A4B4CEF266DF7220097340F /* GestVerificationViewController.swift in Sources */ = {isa = PBXBuildFile; fileRef = 2A4B4CEE266DF7220097340F /* GestVerificationViewController.swift */; };
		2A4B4CF4266DF7950097340F /* GestVerificationViewControllerViewModel.swift in Sources */ = {isa = PBXBuildFile; fileRef = 2A4B4CF3266DF7950097340F /* GestVerificationViewControllerViewModel.swift */; };
		2A4B4CF9266DF9F30097340F /* GestVerificationConfig.swift in Sources */ = {isa = PBXBuildFile; fileRef = 2A4B4CF8266DF9F30097340F /* GestVerificationConfig.swift */; };
		2A4B4CFE266E085B0097340F /* GestVerificationManager.swift in Sources */ = {isa = PBXBuildFile; fileRef = 2A4B4CFD266E085B0097340F /* GestVerificationManager.swift */; };
		2A4B4D03266E12D60097340F /* GestVerificationSettingViewController.swift in Sources */ = {isa = PBXBuildFile; fileRef = 2A4B4D02266E12D60097340F /* GestVerificationSettingViewController.swift */; };
		2A4B4D0B266F11D20097340F /* GestVerificationSettingViewControllerViewModel.swift in Sources */ = {isa = PBXBuildFile; fileRef = 2A4B4D0A266F11D20097340F /* GestVerificationSettingViewControllerViewModel.swift */; };
		2A55BA9B23A727A300142382 /* UIImage+AppImageExtension.swift in Sources */ = {isa = PBXBuildFile; fileRef = 2A55BA9A23A727A300142382 /* UIImage+AppImageExtension.swift */; };
		2A75E64C238B7D7700E8CAB9 /* TokenListViewController.swift in Sources */ = {isa = PBXBuildFile; fileRef = 2A75E64B238B7D7700E8CAB9 /* TokenListViewController.swift */; };
		2A75E650238B7E1700E8CAB9 /* SnapKit+Extension.swift in Sources */ = {isa = PBXBuildFile; fileRef = 2A75E64F238B7E1700E8CAB9 /* SnapKit+Extension.swift */; };
		2A75E652238B80FF00E8CAB9 /* BaseViewController.swift in Sources */ = {isa = PBXBuildFile; fileRef = 2A75E651238B80FF00E8CAB9 /* BaseViewController.swift */; };
		2A75E654238B814300E8CAB9 /* BaseTableViewController.swift in Sources */ = {isa = PBXBuildFile; fileRef = 2A75E653238B814300E8CAB9 /* BaseTableViewController.swift */; };
		2A75E656238B824A00E8CAB9 /* BaseNavigaitonItem.swift in Sources */ = {isa = PBXBuildFile; fileRef = 2A75E655238B824A00E8CAB9 /* BaseNavigaitonItem.swift */; };
		2A75E658238BB3D200E8CAB9 /* TokenListTableViewCell.swift in Sources */ = {isa = PBXBuildFile; fileRef = 2A75E657238BB3D200E8CAB9 /* TokenListTableViewCell.swift */; };
		2A75E65C238BB8E400E8CAB9 /* UILabel+SetValueReturnSelf+Extension.swift in Sources */ = {isa = PBXBuildFile; fileRef = 2A75E65B238BB8E400E8CAB9 /* UILabel+SetValueReturnSelf+Extension.swift */; };
		2A75E65E238BB9C900E8CAB9 /* UIView+Extension.swift in Sources */ = {isa = PBXBuildFile; fileRef = 2A75E65D238BB9C900E8CAB9 /* UIView+Extension.swift */; };
		2A75E660238BBAC500E8CAB9 /* UIFont+Extension.swift in Sources */ = {isa = PBXBuildFile; fileRef = 2A75E65F238BBAC500E8CAB9 /* UIFont+Extension.swift */; };
		2A7F135A2444998100B4F140 /* GroupAddCodeViewController.swift in Sources */ = {isa = PBXBuildFile; fileRef = 2A7F13592444998100B4F140 /* GroupAddCodeViewController.swift */; };
		2A7F135E24449A2D00B4F140 /* GroupAddCodeTableViewCell.swift in Sources */ = {isa = PBXBuildFile; fileRef = 2A7F135D24449A2D00B4F140 /* GroupAddCodeTableViewCell.swift */; };
		2A7F136024449A7D00B4F140 /* GroupEditTableViewCell.swift in Sources */ = {isa = PBXBuildFile; fileRef = 2A7F135F24449A7D00B4F140 /* GroupEditTableViewCell.swift */; };
		2A7F136224449AD400B4F140 /* GroupEditCodeViewController.swift in Sources */ = {isa = PBXBuildFile; fileRef = 2A7F136124449AD400B4F140 /* GroupEditCodeViewController.swift */; };
		2A7F136424449D1300B4F140 /* GroupViewController.swift in Sources */ = {isa = PBXBuildFile; fileRef = 2A7F136324449D1300B4F140 /* GroupViewController.swift */; };
		2A7F136624449DAA00B4F140 /* GroupTableViewCell.swift in Sources */ = {isa = PBXBuildFile; fileRef = 2A7F136524449DAA00B4F140 /* GroupTableViewCell.swift */; };
		2A7F136824449E1100B4F140 /* BaseSearchViewController.swift in Sources */ = {isa = PBXBuildFile; fileRef = 2A7F136724449E1100B4F140 /* BaseSearchViewController.swift */; };
		2A91DFCE23ABB84400A630E9 /* Menu.swift in Sources */ = {isa = PBXBuildFile; fileRef = 2A91DFCD23ABB84400A630E9 /* Menu.swift */; };
		2AA7360C268D8B9E00ED2185 /* GestSettingTableViewCellViewModel.swift in Sources */ = {isa = PBXBuildFile; fileRef = 2AA7360B268D8B9E00ED2185 /* GestSettingTableViewCellViewModel.swift */; };
		2AA736212692D81800ED2185 /* GestVerificationOpenedMeunViewController.swift in Sources */ = {isa = PBXBuildFile; fileRef = 2AA736202692D81800ED2185 /* GestVerificationOpenedMeunViewController.swift */; };
		2AA736262692D9C700ED2185 /* GestVerificationOpenedMeunViewControllerViewModel.swift in Sources */ = {isa = PBXBuildFile; fileRef = 2AA736252692D9C700ED2185 /* GestVerificationOpenedMeunViewControllerViewModel.swift */; };
		2AA7362B2692DD3B00ED2185 /* GestVerificationMenuTableViewCellViewModel.swift in Sources */ = {isa = PBXBuildFile; fileRef = 2AA7362A2692DD3B00ED2185 /* GestVerificationMenuTableViewCellViewModel.swift */; };
		2AA736302692DE6600ED2185 /* GestVerificationMenuTableViewCell.swift in Sources */ = {isa = PBXBuildFile; fileRef = 2AA7362F2692DE6600ED2185 /* GestVerificationMenuTableViewCell.swift */; };
		2AAED82A23F287D60094A193 /* loading_ps.gif in Resources */ = {isa = PBXBuildFile; fileRef = 2AAED82823F287D60094A193 /* loading_ps.gif */; };
		2AAED82B23F287D60094A193 /* loading_ae.gif in Resources */ = {isa = PBXBuildFile; fileRef = 2AAED82923F287D60094A193 /* loading_ae.gif */; };
		2AD796B023A8892300BEF6E8 /* PhotoCheckCollectionViewCell.swift in Sources */ = {isa = PBXBuildFile; fileRef = 2AD796AF23A8892300BEF6E8 /* PhotoCheckCollectionViewCell.swift */; };
		2AD796B223A8DDF600BEF6E8 /* PhotoChoseViewController.swift in Sources */ = {isa = PBXBuildFile; fileRef = 2AD796B123A8DDF600BEF6E8 /* PhotoChoseViewController.swift */; };
		2AE3166223B1F3FE001DDBB2 /* BaseWebViewController.swift in Sources */ = {isa = PBXBuildFile; fileRef = 2AE3166123B1F3FE001DDBB2 /* BaseWebViewController.swift */; };
		2AE3DC4D238CC876009AC8EE /* TokenStoreProtocol.swift in Sources */ = {isa = PBXBuildFile; fileRef = 2AE3DC4C238CC876009AC8EE /* TokenStoreProtocol.swift */; };
		2AE3DC50238D3201009AC8EE /* TokenScannerViewController.swift in Sources */ = {isa = PBXBuildFile; fileRef = 2AE3DC4F238D3201009AC8EE /* TokenScannerViewController.swift */; };
		2AE53BEF23A2499600AB1319 /* TOTPURLParsing.swift in Sources */ = {isa = PBXBuildFile; fileRef = 2AE53BEA23A2499600AB1319 /* TOTPURLParsing.swift */; };
		2AE53BF023A2499600AB1319 /* UserDefaultExtension.swift in Sources */ = {isa = PBXBuildFile; fileRef = 2AE53BEC23A2499600AB1319 /* UserDefaultExtension.swift */; };
		2AE53BF123A2499600AB1319 /* PastedAction.swift in Sources */ = {isa = PBXBuildFile; fileRef = 2AE53BEE23A2499600AB1319 /* PastedAction.swift */; };
		2AE53BF523A249B000AB1319 /* JoinManuallyTOTPTableViewCell.swift in Sources */ = {isa = PBXBuildFile; fileRef = 2AE53BF323A249B000AB1319 /* JoinManuallyTOTPTableViewCell.swift */; };
		2AE53BF623A249B000AB1319 /* JoinManuallyTOTPViewController.swift in Sources */ = {isa = PBXBuildFile; fileRef = 2AE53BF423A249B000AB1319 /* JoinManuallyTOTPViewController.swift */; };
		2AE756AF24289D69002181F9 /* loading_dark_2.gif in Resources */ = {isa = PBXBuildFile; fileRef = 2AE756AE24289D69002181F9 /* loading_dark_2.gif */; };
		2AE756B12428A186002181F9 /* UIDevice+Extension.swift in Sources */ = {isa = PBXBuildFile; fileRef = 2AE756B02428A186002181F9 /* UIDevice+Extension.swift */; };
		2AE9524823CF0A2400A7BD66 /* UICollectionView+Fix.m in Sources */ = {isa = PBXBuildFile; fileRef = 2AE9524723CF0A2400A7BD66 /* UICollectionView+Fix.m */; };
		2AF6552E2387ABA6000D8787 /* AppDelegate.swift in Sources */ = {isa = PBXBuildFile; fileRef = 2AF6552D2387ABA6000D8787 /* AppDelegate.swift */; };
		2AF655372387ABA8000D8787 /* Assets.xcassets in Resources */ = {isa = PBXBuildFile; fileRef = 2AF655362387ABA8000D8787 /* Assets.xcassets */; };
		2AF6553A2387ABA8000D8787 /* LaunchScreen.storyboard in Resources */ = {isa = PBXBuildFile; fileRef = 2AF655382387ABA8000D8787 /* LaunchScreen.storyboard */; };
		2AF655452387ABA8000D8787 /* NoSMSTests.swift in Sources */ = {isa = PBXBuildFile; fileRef = 2AF655442387ABA8000D8787 /* NoSMSTests.swift */; };
		2AF655502387ABA8000D8787 /* NoSMSUITests.swift in Sources */ = {isa = PBXBuildFile; fileRef = 2AF6554F2387ABA8000D8787 /* NoSMSUITests.swift */; };
		7F871825ADA176CFB4C66265 /* Pods_NoSMS.framework in Frameworks */ = {isa = PBXBuildFile; fileRef = AC3998DDEF5F71F707A53FD6 /* Pods_NoSMS.framework */; };
		A1B8D01E252C2059005099B7 /* ShareOTPViewController.swift in Sources */ = {isa = PBXBuildFile; fileRef = A1B8D01D252C2059005099B7 /* ShareOTPViewController.swift */; };
		A1B8D020252DBFCF005099B7 /* QRcodeOTPShareViewController.swift in Sources */ = {isa = PBXBuildFile; fileRef = A1B8D01F252DBFCF005099B7 /* QRcodeOTPShareViewController.swift */; };
		A1B8D022252EBD69005099B7 /* OTPShareAndReceiveViewController.swift in Sources */ = {isa = PBXBuildFile; fileRef = A1B8D021252EBD69005099B7 /* OTPShareAndReceiveViewController.swift */; };
		A1B8D024253565A7005099B7 /* OTPShareRecordViewController.swift in Sources */ = {isa = PBXBuildFile; fileRef = A1B8D023253565A7005099B7 /* OTPShareRecordViewController.swift */; };
		A1B8D02625528FEF005099B7 /* OTPShareRecordDetailViewController.swift in Sources */ = {isa = PBXBuildFile; fileRef = A1B8D02525528FEF005099B7 /* OTPShareRecordDetailViewController.swift */; };
		A1B8D04C2553C032005099B7 /* RealmDataManager.swift in Sources */ = {isa = PBXBuildFile; fileRef = A1B8D04B2553C032005099B7 /* RealmDataManager.swift */; };
		A3FA4EE92FD67CB20046BEE1 /* sdd_technical_specification.md in Resources */ = {isa = PBXBuildFile; fileRef = A3FA4EE62FD67CB20046BEE1 /* sdd_technical_specification.md */; };
		A3FA4EEA2FD67CB20046BEE1 /* task.md in Resources */ = {isa = PBXBuildFile; fileRef = A3FA4EE82FD67CB20046BEE1 /* task.md */; };
		A3FA4EEB2FD67CB20046BEE1 /* swiftui_refactoring_plan.md in Resources */ = {isa = PBXBuildFile; fileRef = A3FA4EE72FD67CB20046BEE1 /* swiftui_refactoring_plan.md */; };
		A92E9AFF3539AF8D5429B66B /* Pods_NoSMSTests.framework in Frameworks */ = {isa = PBXBuildFile; fileRef = 6B380CE65F2465987DFE9E47 /* Pods_NoSMSTests.framework */; };
		BB19B3C12449C22B00D5E9E4 /* UIDevice+VKKeychainIDFV.m in Sources */ = {isa = PBXBuildFile; fileRef = BB19B3BD2449C20100D5E9E4 /* UIDevice+VKKeychainIDFV.m */; };
		BB93FD8523F3FDCF00A08CD6 /* Repository.swift in Sources */ = {isa = PBXBuildFile; fileRef = BB93FD8323F3FDCF00A08CD6 /* Repository.swift */; };
		BB93FD8623F3FDCF00A08CD6 /* APIClient.swift in Sources */ = {isa = PBXBuildFile; fileRef = BB93FD8423F3FDCF00A08CD6 /* APIClient.swift */; };
		BB93FD8823F3FF2C00A08CD6 /* VersionUpdateViewController.swift in Sources */ = {isa = PBXBuildFile; fileRef = BB93FD8723F3FF2C00A08CD6 /* VersionUpdateViewController.swift */; };
		BBBA6C3D2410AD09003F4559 /* TokenListMenuViewController.swift in Sources */ = {isa = PBXBuildFile; fileRef = BBBA6C3C2410AD09003F4559 /* TokenListMenuViewController.swift */; };
		BBBC44A92445AA7A00C6AE6E /* BlurViewController.swift in Sources */ = {isa = PBXBuildFile; fileRef = BBBC44A82445AA7A00C6AE6E /* BlurViewController.swift */; };
		BBE1439E244401B100387824 /* FaceIDSettingViewController.swift in Sources */ = {isa = PBXBuildFile; fileRef = BBE1439D244401B100387824 /* FaceIDSettingViewController.swift */; };
		BBE143A1244479F500387824 /* UIAlertControllerExtension.swift in Sources */ = {isa = PBXBuildFile; fileRef = BBE1439F244479F500387824 /* UIAlertControllerExtension.swift */; };
		BBE143A2244479F500387824 /* NSObjectExtension.swift in Sources */ = {isa = PBXBuildFile; fileRef = BBE143A0244479F500387824 /* NSObjectExtension.swift */; };
		E5575E7C04B29979F3929C37 /* Pods_NoSMSUITests.framework in Frameworks */ = {isa = PBXBuildFile; fileRef = 725498DDA9F9AE2FA3E5D1D9 /* Pods_NoSMSUITests.framework */; };
/* End PBXBuildFile section */

/* Begin PBXContainerItemProxy section */
		2AF655412387ABA8000D8787 /* PBXContainerItemProxy */ = {
			isa = PBXContainerItemProxy;
			containerPortal = 2AF655222387ABA6000D8787 /* Project object */;
			proxyType = 1;
			remoteGlobalIDString = 2AF655292387ABA6000D8787;
			remoteInfo = TWAzureAuthenticator;
		};
		2AF6554C2387ABA8000D8787 /* PBXContainerItemProxy */ = {
			isa = PBXContainerItemProxy;
			containerPortal = 2AF655222387ABA6000D8787 /* Project object */;
			proxyType = 1;
			remoteGlobalIDString = 2AF655292387ABA6000D8787;
			remoteInfo = TWAzureAuthenticator;
		};
/* End PBXContainerItemProxy section */

/* Begin PBXFileReference section */
		2A1E67E523BF2AB1002E639D /* NoSMSTokenURLTest.swift */ = {isa = PBXFileReference; lastKnownFileType = sourcecode.swift; path = NoSMSTokenURLTest.swift; sourceTree = "<group>"; };
		2A21B08223A9C18A00922FBB /* AuthorizationManager.swift */ = {isa = PBXFileReference; lastKnownFileType = sourcecode.swift; path = AuthorizationManager.swift; sourceTree = "<group>"; };
		2A21B08423A9FBD800922FBB /* ChoseHowToAddToken.swift */ = {isa = PBXFileReference; lastKnownFileType = sourcecode.swift; path = ChoseHowToAddToken.swift; sourceTree = "<group>"; };
		2A23621023A340D1006DD184 /* UIColor+Extension.swift */ = {isa = PBXFileReference; lastKnownFileType = sourcecode.swift; path = "UIColor+Extension.swift"; sourceTree = "<group>"; };
		2A23621323A35154006DD184 /* UILabel+Extension+Rx.swift */ = {isa = PBXFileReference; lastKnownFileType = sourcecode.swift; path = "UILabel+Extension+Rx.swift"; sourceTree = "<group>"; };
		2A2AF089238F9A0F00BCC143 /* PhotoCheckViewController.swift */ = {isa = PBXFileReference; lastKnownFileType = sourcecode.swift; path = PhotoCheckViewController.swift; sourceTree = "<group>"; };
		2A2AF08B238FA39100BCC143 /* UIViewController+Extension.swift */ = {isa = PBXFileReference; lastKnownFileType = sourcecode.swift; path = "UIViewController+Extension.swift"; sourceTree = "<group>"; };
		2A3A846723AB133C002D4482 /* NoSMSHUD.swift */ = {isa = PBXFileReference; lastKnownFileType = sourcecode.swift; path = NoSMSHUD.swift; sourceTree = "<group>"; };
		2A43D70823EA60E900E0E85C /* DigitsView.swift */ = {isa = PBXFileReference; lastKnownFileType = sourcecode.swift; path = DigitsView.swift; sourceTree = "<group>"; };
		2A43D70A23EA612F00E0E85C /* CircleView.swift */ = {isa = PBXFileReference; lastKnownFileType = sourcecode.swift; path = CircleView.swift; sourceTree = "<group>"; };
		2A43D70C23EA650F00E0E85C /* PhotoManager.swift */ = {isa = PBXFileReference; lastKnownFileType = sourcecode.swift; path = PhotoManager.swift; sourceTree = "<group>"; };
		2A4B4CEE266DF7220097340F /* GestVerificationViewController.swift */ = {isa = PBXFileReference; lastKnownFileType = sourcecode.swift; path = GestVerificationViewController.swift; sourceTree = "<group>"; };
		2A4B4CF3266DF7950097340F /* GestVerificationViewControllerViewModel.swift */ = {isa = PBXFileReference; lastKnownFileType = sourcecode.swift; path = GestVerificationViewControllerViewModel.swift; sourceTree = "<group>"; };
		2A4B4CF8266DF9F30097340F /* GestVerificationConfig.swift */ = {isa = PBXFileReference; lastKnownFileType = sourcecode.swift; path = GestVerificationConfig.swift; sourceTree = "<group>"; };
		2A4B4CFD266E085B0097340F /* GestVerificationManager.swift */ = {isa = PBXFileReference; lastKnownFileType = sourcecode.swift; path = GestVerificationManager.swift; sourceTree = "<group>"; };
		2A4B4D02266E12D60097340F /* GestVerificationSettingViewController.swift */ = {isa = PBXFileReference; lastKnownFileType = sourcecode.swift; path = GestVerificationSettingViewController.swift; sourceTree = "<group>"; };
		2A4B4D0A266F11D20097340F /* GestVerificationSettingViewControllerViewModel.swift */ = {isa = PBXFileReference; lastKnownFileType = sourcecode.swift; path = GestVerificationSettingViewControllerViewModel.swift; sourceTree = "<group>"; };
		2A55BA9A23A727A300142382 /* UIImage+AppImageExtension.swift */ = {isa = PBXFileReference; lastKnownFileType = sourcecode.swift; path = "UIImage+AppImageExtension.swift"; sourceTree = "<group>"; };
		2A75E64B238B7D7700E8CAB9 /* TokenListViewController.swift */ = {isa = PBXFileReference; lastKnownFileType = sourcecode.swift; path = TokenListViewController.swift; sourceTree = "<group>"; };
		2A75E64F238B7E1700E8CAB9 /* SnapKit+Extension.swift */ = {isa = PBXFileReference; lastKnownFileType = sourcecode.swift; path = "SnapKit+Extension.swift"; sourceTree = "<group>"; };
		2A75E651238B80FF00E8CAB9 /* BaseViewController.swift */ = {isa = PBXFileReference; lastKnownFileType = sourcecode.swift; path = BaseViewController.swift; sourceTree = "<group>"; };
		2A75E653238B814300E8CAB9 /* BaseTableViewController.swift */ = {isa = PBXFileReference; lastKnownFileType = sourcecode.swift; path = BaseTableViewController.swift; sourceTree = "<group>"; };
		2A75E655238B824A00E8CAB9 /* BaseNavigaitonItem.swift */ = {isa = PBXFileReference; lastKnownFileType = sourcecode.swift; path = BaseNavigaitonItem.swift; sourceTree = "<group>"; };
		2A75E657238BB3D200E8CAB9 /* TokenListTableViewCell.swift */ = {isa = PBXFileReference; lastKnownFileType = sourcecode.swift; path = TokenListTableViewCell.swift; sourceTree = "<group>"; };
		2A75E65B238BB8E400E8CAB9 /* UILabel+SetValueReturnSelf+Extension.swift */ = {isa = PBXFileReference; lastKnownFileType = sourcecode.swift; path = "UILabel+SetValueReturnSelf+Extension.swift"; sourceTree = "<group>"; };
		2A75E65D238BB9C900E8CAB9 /* UIView+Extension.swift */ = {isa = PBXFileReference; lastKnownFileType = sourcecode.swift; path = "UIView+Extension.swift"; sourceTree = "<group>"; };
		2A75E65F238BBAC500E8CAB9 /* UIFont+Extension.swift */ = {isa = PBXFileReference; lastKnownFileType = sourcecode.swift; path = "UIFont+Extension.swift"; sourceTree = "<group>"; };
		2A7C34E123B99FB400FBCE38 /* zh-Hans */ = {isa = PBXFileReference; lastKnownFileType = text.plist.strings; name = "zh-Hans"; path = "zh-Hans.lproj/LaunchScreen.strings"; sourceTree = "<group>"; };
		2A7C34E223B99FBD00FBCE38 /* zh-Hant */ = {isa = PBXFileReference; lastKnownFileType = text.plist.strings; name = "zh-Hant"; path = "zh-Hant.lproj/LaunchScreen.strings"; sourceTree = "<group>"; };
		2A7C34E323B99FC300FBCE38 /* zh-HK */ = {isa = PBXFileReference; lastKnownFileType = text.plist.strings; name = "zh-HK"; path = "zh-HK.lproj/LaunchScreen.strings"; sourceTree = "<group>"; };
		2A7F13592444998100B4F140 /* GroupAddCodeViewController.swift */ = {isa = PBXFileReference; lastKnownFileType = sourcecode.swift; path = GroupAddCodeViewController.swift; sourceTree = "<group>"; };
		2A7F135D24449A2D00B4F140 /* GroupAddCodeTableViewCell.swift */ = {isa = PBXFileReference; lastKnownFileType = sourcecode.swift; path = GroupAddCodeTableViewCell.swift; sourceTree = "<group>"; };
		2A7F135F24449A7D00B4F140 /* GroupEditTableViewCell.swift */ = {isa = PBXFileReference; lastKnownFileType = sourcecode.swift; path = GroupEditTableViewCell.swift; sourceTree = "<group>"; };
		2A7F136124449AD400B4F140 /* GroupEditCodeViewController.swift */ = {isa = PBXFileReference; lastKnownFileType = sourcecode.swift; path = GroupEditCodeViewController.swift; sourceTree = "<group>"; };
		2A7F136324449D1300B4F140 /* GroupViewController.swift */ = {isa = PBXFileReference; lastKnownFileType = sourcecode.swift; path = GroupViewController.swift; sourceTree = "<group>"; };
		2A7F136524449DAA00B4F140 /* GroupTableViewCell.swift */ = {isa = PBXFileReference; lastKnownFileType = sourcecode.swift; path = GroupTableViewCell.swift; sourceTree = "<group>"; };
		2A7F136724449E1100B4F140 /* BaseSearchViewController.swift */ = {isa = PBXFileReference; lastKnownFileType = sourcecode.swift; path = BaseSearchViewController.swift; sourceTree = "<group>"; };
		2A91DFCD23ABB84400A630E9 /* Menu.swift */ = {isa = PBXFileReference; lastKnownFileType = sourcecode.swift; path = Menu.swift; sourceTree = "<group>"; };
		2AA7360B268D8B9E00ED2185 /* GestSettingTableViewCellViewModel.swift */ = {isa = PBXFileReference; lastKnownFileType = sourcecode.swift; path = GestSettingTableViewCellViewModel.swift; sourceTree = "<group>"; };
		2AA736202692D81800ED2185 /* GestVerificationOpenedMeunViewController.swift */ = {isa = PBXFileReference; lastKnownFileType = sourcecode.swift; path = GestVerificationOpenedMeunViewController.swift; sourceTree = "<group>"; };
		2AA736252692D9C700ED2185 /* GestVerificationOpenedMeunViewControllerViewModel.swift */ = {isa = PBXFileReference; lastKnownFileType = sourcecode.swift; path = GestVerificationOpenedMeunViewControllerViewModel.swift; sourceTree = "<group>"; };
		2AA7362A2692DD3B00ED2185 /* GestVerificationMenuTableViewCellViewModel.swift */ = {isa = PBXFileReference; lastKnownFileType = sourcecode.swift; path = GestVerificationMenuTableViewCellViewModel.swift; sourceTree = "<group>"; };
		2AA7362F2692DE6600ED2185 /* GestVerificationMenuTableViewCell.swift */ = {isa = PBXFileReference; lastKnownFileType = sourcecode.swift; path = GestVerificationMenuTableViewCell.swift; sourceTree = "<group>"; };
		2AAED82823F287D60094A193 /* loading_ps.gif */ = {isa = PBXFileReference; lastKnownFileType = image.gif; path = loading_ps.gif; sourceTree = "<group>"; };
		2AAED82923F287D60094A193 /* loading_ae.gif */ = {isa = PBXFileReference; lastKnownFileType = image.gif; path = loading_ae.gif; sourceTree = "<group>"; };
		2AD796AF23A8892300BEF6E8 /* PhotoCheckCollectionViewCell.swift */ = {isa = PBXFileReference; lastKnownFileType = sourcecode.swift; path = PhotoCheckCollectionViewCell.swift; sourceTree = "<group>"; };
		2AD796B123A8DDF600BEF6E8 /* PhotoChoseViewController.swift */ = {isa = PBXFileReference; lastKnownFileType = sourcecode.swift; path = PhotoChoseViewController.swift; sourceTree = "<group>"; };
		2AE3166123B1F3FE001DDBB2 /* BaseWebViewController.swift */ = {isa = PBXFileReference; lastKnownFileType = sourcecode.swift; path = BaseWebViewController.swift; sourceTree = "<group>"; };
		2AE3DC4C238CC876009AC8EE /* TokenStoreProtocol.swift */ = {isa = PBXFileReference; lastKnownFileType = sourcecode.swift; path = TokenStoreProtocol.swift; sourceTree = "<group>"; };
		2AE3DC4F238D3201009AC8EE /* TokenScannerViewController.swift */ = {isa = PBXFileReference; lastKnownFileType = sourcecode.swift; path = TokenScannerViewController.swift; sourceTree = "<group>"; };
		2AE53BEA23A2499600AB1319 /* TOTPURLParsing.swift */ = {isa = PBXFileReference; fileEncoding = 4; lastKnownFileType = sourcecode.swift; path = TOTPURLParsing.swift; sourceTree = "<group>"; };
		2AE53BEC23A2499600AB1319 /* UserDefaultExtension.swift */ = {isa = PBXFileReference; fileEncoding = 4; lastKnownFileType = sourcecode.swift; path = UserDefaultExtension.swift; sourceTree = "<group>"; };
		2AE53BEE23A2499600AB1319 /* PastedAction.swift */ = {isa = PBXFileReference; fileEncoding = 4; lastKnownFileType = sourcecode.swift; path = PastedAction.swift; sourceTree = "<group>"; };
		2AE53BF323A249B000AB1319 /* JoinManuallyTOTPTableViewCell.swift */ = {isa = PBXFileReference; fileEncoding = 4; lastKnownFileType = sourcecode.swift; path = JoinManuallyTOTPTableViewCell.swift; sourceTree = "<group>"; };
		2AE53BF423A249B000AB1319 /* JoinManuallyTOTPViewController.swift */ = {isa = PBXFileReference; fileEncoding = 4; lastKnownFileType = sourcecode.swift; path = JoinManuallyTOTPViewController.swift; sourceTree = "<group>"; };
		2AE756AE24289D69002181F9 /* loading_dark_2.gif */ = {isa = PBXFileReference; lastKnownFileType = image.gif; path = loading_dark_2.gif; sourceTree = "<group>"; };
		2AE756B02428A186002181F9 /* UIDevice+Extension.swift */ = {isa = PBXFileReference; lastKnownFileType = sourcecode.swift; path = "UIDevice+Extension.swift"; sourceTree = "<group>"; };
		2AE756B52428B34C002181F9 /* en */ = {isa = PBXFileReference; lastKnownFileType = text.plist.strings; name = en; path = en.lproj/LaunchScreen.strings; sourceTree = "<group>"; };
		2AE9524623CF0A2400A7BD66 /* UICollectionView+Fix.h */ = {isa = PBXFileReference; fileEncoding = 4; lastKnownFileType = sourcecode.c.h; path = "UICollectionView+Fix.h"; sourceTree = "<group>"; };
		2AE9524723CF0A2400A7BD66 /* UICollectionView+Fix.m */ = {isa = PBXFileReference; fileEncoding = 4; lastKnownFileType = sourcecode.c.objc; path = "UICollectionView+Fix.m"; sourceTree = "<group>"; };
		2AF6552A2387ABA6000D8787 /* NoSMS.app */ = {isa = PBXFileReference; explicitFileType = wrapper.application; includeInIndex = 0; path = NoSMS.app; sourceTree = BUILT_PRODUCTS_DIR; };
		2AF6552D2387ABA6000D8787 /* AppDelegate.swift */ = {isa = PBXFileReference; lastKnownFileType = sourcecode.swift; path = AppDelegate.swift; sourceTree = "<group>"; };
		2AF655362387ABA8000D8787 /* Assets.xcassets */ = {isa = PBXFileReference; lastKnownFileType = folder.assetcatalog; path = Assets.xcassets; sourceTree = "<group>"; };
		2AF655392387ABA8000D8787 /* Base */ = {isa = PBXFileReference; lastKnownFileType = file.storyboard; name = Base; path = Base.lproj/LaunchScreen.storyboard; sourceTree = "<group>"; };
		2AF6553B2387ABA8000D8787 /* Info.plist */ = {isa = PBXFileReference; lastKnownFileType = text.plist.xml; path = Info.plist; sourceTree = "<group>"; };
		2AF655402387ABA8000D8787 /* NoSMSTests.xctest */ = {isa = PBXFileReference; explicitFileType = wrapper.cfbundle; includeInIndex = 0; path = NoSMSTests.xctest; sourceTree = BUILT_PRODUCTS_DIR; };
		2AF655442387ABA8000D8787 /* NoSMSTests.swift */ = {isa = PBXFileReference; lastKnownFileType = sourcecode.swift; path = NoSMSTests.swift; sourceTree = "<group>"; };
		2AF655462387ABA8000D8787 /* Info.plist */ = {isa = PBXFileReference; lastKnownFileType = text.plist.xml; path = Info.plist; sourceTree = "<group>"; };
		2AF6554B2387ABA8000D8787 /* NoSMSUITests.xctest */ = {isa = PBXFileReference; explicitFileType = wrapper.cfbundle; includeInIndex = 0; path = NoSMSUITests.xctest; sourceTree = BUILT_PRODUCTS_DIR; };
		2AF6554F2387ABA8000D8787 /* NoSMSUITests.swift */ = {isa = PBXFileReference; lastKnownFileType = sourcecode.swift; path = NoSMSUITests.swift; sourceTree = "<group>"; };
		2AF655512387ABA8000D8787 /* Info.plist */ = {isa = PBXFileReference; lastKnownFileType = text.plist.xml; path = Info.plist; sourceTree = "<group>"; };
		3970F258F6361C4260991E5A /* Pods-TWAzureAuthenticator.release.xcconfig */ = {isa = PBXFileReference; includeInIndex = 1; lastKnownFileType = text.xcconfig; name = "Pods-TWAzureAuthenticator.release.xcconfig"; path = "Target Support Files/Pods-TWAzureAuthenticator/Pods-TWAzureAuthenticator.release.xcconfig"; sourceTree = "<group>"; };
		3BBA7C2D82B0CAA85542F237 /* Pods-NoSMS.release.xcconfig */ = {isa = PBXFileReference; includeInIndex = 1; lastKnownFileType = text.xcconfig; name = "Pods-NoSMS.release.xcconfig"; path = "Target Support Files/Pods-NoSMS/Pods-NoSMS.release.xcconfig"; sourceTree = "<group>"; };
		5D887F7919F4F7A653B8E561 /* Pods-NoSMSTests.debug.xcconfig */ = {isa = PBXFileReference; includeInIndex = 1; lastKnownFileType = text.xcconfig; name = "Pods-NoSMSTests.debug.xcconfig"; path = "Target Support Files/Pods-NoSMSTests/Pods-NoSMSTests.debug.xcconfig"; sourceTree = "<group>"; };
		6B380CE65F2465987DFE9E47 /* Pods_NoSMSTests.framework */ = {isa = PBXFileReference; explicitFileType = wrapper.framework; includeInIndex = 0; path = Pods_NoSMSTests.framework; sourceTree = BUILT_PRODUCTS_DIR; };
		725498DDA9F9AE2FA3E5D1D9 /* Pods_NoSMSUITests.framework */ = {isa = PBXFileReference; explicitFileType = wrapper.framework; includeInIndex = 0; path = Pods_NoSMSUITests.framework; sourceTree = BUILT_PRODUCTS_DIR; };
		7C52A96AE617E9F8681F329F /* Pods-TWAzureAuthenticatorTests.release.xcconfig */ = {isa = PBXFileReference; includeInIndex = 1; lastKnownFileType = text.xcconfig; name = "Pods-TWAzureAuthenticatorTests.release.xcconfig"; path = "Target Support Files/Pods-TWAzureAuthenticatorTests/Pods-TWAzureAuthenticatorTests.release.xcconfig"; sourceTree = "<group>"; };
		882C5645A49849890634181A /* Pods-NoSMSUITests.release.xcconfig */ = {isa = PBXFileReference; includeInIndex = 1; lastKnownFileType = text.xcconfig; name = "Pods-NoSMSUITests.release.xcconfig"; path = "Target Support Files/Pods-NoSMSUITests/Pods-NoSMSUITests.release.xcconfig"; sourceTree = "<group>"; };
		9B2075010F5908FB50A06A7B /* Pods-TWAzureAuthenticatorTests.debug.xcconfig */ = {isa = PBXFileReference; includeInIndex = 1; lastKnownFileType = text.xcconfig; name = "Pods-TWAzureAuthenticatorTests.debug.xcconfig"; path = "Target Support Files/Pods-TWAzureAuthenticatorTests/Pods-TWAzureAuthenticatorTests.debug.xcconfig"; sourceTree = "<group>"; };
		A196883168F4BEF0144199A0 /* Pods-NoSMSTests.release.xcconfig */ = {isa = PBXFileReference; includeInIndex = 1; lastKnownFileType = text.xcconfig; name = "Pods-NoSMSTests.release.xcconfig"; path = "Target Support Files/Pods-NoSMSTests/Pods-NoSMSTests.release.xcconfig"; sourceTree = "<group>"; };
		A1B8D01D252C2059005099B7 /* ShareOTPViewController.swift */ = {isa = PBXFileReference; lastKnownFileType = sourcecode.swift; path = ShareOTPViewController.swift; sourceTree = "<group>"; };
		A1B8D01F252DBFCF005099B7 /* QRcodeOTPShareViewController.swift */ = {isa = PBXFileReference; lastKnownFileType = sourcecode.swift; path = QRcodeOTPShareViewController.swift; sourceTree = "<group>"; };
		A1B8D021252EBD69005099B7 /* OTPShareAndReceiveViewController.swift */ = {isa = PBXFileReference; lastKnownFileType = sourcecode.swift; path = OTPShareAndReceiveViewController.swift; sourceTree = "<group>"; };
		A1B8D023253565A7005099B7 /* OTPShareRecordViewController.swift */ = {isa = PBXFileReference; lastKnownFileType = sourcecode.swift; path = OTPShareRecordViewController.swift; sourceTree = "<group>"; };
		A1B8D02525528FEF005099B7 /* OTPShareRecordDetailViewController.swift */ = {isa = PBXFileReference; lastKnownFileType = sourcecode.swift; path = OTPShareRecordDetailViewController.swift; sourceTree = "<group>"; };
		A1B8D04B2553C032005099B7 /* RealmDataManager.swift */ = {isa = PBXFileReference; lastKnownFileType = sourcecode.swift; path = RealmDataManager.swift; sourceTree = "<group>"; };
		A3FA4EE62FD67CB20046BEE1 /* sdd_technical_specification.md */ = {isa = PBXFileReference; lastKnownFileType = net.daringfireball.markdown; path = sdd_technical_specification.md; sourceTree = "<group>"; };
		A3FA4EE72FD67CB20046BEE1 /* swiftui_refactoring_plan.md */ = {isa = PBXFileReference; lastKnownFileType = net.daringfireball.markdown; path = swiftui_refactoring_plan.md; sourceTree = "<group>"; };
		A3FA4EE82FD67CB20046BEE1 /* task.md */ = {isa = PBXFileReference; lastKnownFileType = net.daringfireball.markdown; path = task.md; sourceTree = "<group>"; };
		A54BB1B459A613FBD7F23211 /* Pods-NoSMS.debug.xcconfig */ = {isa = PBXFileReference; includeInIndex = 1; lastKnownFileType = text.xcconfig; name = "Pods-NoSMS.debug.xcconfig"; path = "Target Support Files/Pods-NoSMS/Pods-NoSMS.debug.xcconfig"; sourceTree = "<group>"; };
		A823901B720E6CD9235D0962 /* Pods-TWAzureAuthenticatorUITests.debug.xcconfig */ = {isa = PBXFileReference; includeInIndex = 1; lastKnownFileType = text.xcconfig; name = "Pods-TWAzureAuthenticatorUITests.debug.xcconfig"; path = "Target Support Files/Pods-TWAzureAuthenticatorUITests/Pods-TWAzureAuthenticatorUITests.debug.xcconfig"; sourceTree = "<group>"; };
		AC3998DDEF5F71F707A53FD6 /* Pods_NoSMS.framework */ = {isa = PBXFileReference; explicitFileType = wrapper.framework; includeInIndex = 0; path = Pods_NoSMS.framework; sourceTree = BUILT_PRODUCTS_DIR; };
		BB19B3BD2449C20100D5E9E4 /* UIDevice+VKKeychainIDFV.m */ = {isa = PBXFileReference; lastKnownFileType = sourcecode.c.objc; path = "UIDevice+VKKeychainIDFV.m"; sourceTree = "<group>"; };
		BB19B3BE2449C20200D5E9E4 /* UIDevice+VKKeychainIDFV.h */ = {isa = PBXFileReference; lastKnownFileType = sourcecode.c.h; path = "UIDevice+VKKeychainIDFV.h"; sourceTree = "<group>"; };
		BB19B3BF2449C20F00D5E9E4 /* NoSMS-Bridging-Header.h */ = {isa = PBXFileReference; lastKnownFileType = sourcecode.c.h; path = "NoSMS-Bridging-Header.h"; sourceTree = "<group>"; };
		BB19B3C02449C20F00D5E9E4 /* PrefixHeader.pch */ = {isa = PBXFileReference; lastKnownFileType = sourcecode.c.h; path = PrefixHeader.pch; sourceTree = "<group>"; };
		BB93FD8323F3FDCF00A08CD6 /* Repository.swift */ = {isa = PBXFileReference; fileEncoding = 4; lastKnownFileType = sourcecode.swift; path = Repository.swift; sourceTree = "<group>"; };
		BB93FD8423F3FDCF00A08CD6 /* APIClient.swift */ = {isa = PBXFileReference; fileEncoding = 4; lastKnownFileType = sourcecode.swift; path = APIClient.swift; sourceTree = "<group>"; };
		BB93FD8723F3FF2C00A08CD6 /* VersionUpdateViewController.swift */ = {isa = PBXFileReference; lastKnownFileType = sourcecode.swift; path = VersionUpdateViewController.swift; sourceTree = "<group>"; };
		BBBA6C3C2410AD09003F4559 /* TokenListMenuViewController.swift */ = {isa = PBXFileReference; lastKnownFileType = sourcecode.swift; path = TokenListMenuViewController.swift; sourceTree = "<group>"; };
		BBBC44A82445AA7A00C6AE6E /* BlurViewController.swift */ = {isa = PBXFileReference; lastKnownFileType = sourcecode.swift; path = BlurViewController.swift; sourceTree = "<group>"; };
		BBE1439D244401B100387824 /* FaceIDSettingViewController.swift */ = {isa = PBXFileReference; lastKnownFileType = sourcecode.swift; path = FaceIDSettingViewController.swift; sourceTree = "<group>"; };
		BBE1439F244479F500387824 /* UIAlertControllerExtension.swift */ = {isa = PBXFileReference; fileEncoding = 4; lastKnownFileType = sourcecode.swift; path = UIAlertControllerExtension.swift; sourceTree = "<group>"; };
		BBE143A0244479F500387824 /* NSObjectExtension.swift */ = {isa = PBXFileReference; fileEncoding = 4; lastKnownFileType = sourcecode.swift; path = NSObjectExtension.swift; sourceTree = "<group>"; };
		C336FAA68D76C39086892222 /* Pods-TWAzureAuthenticator.debug.xcconfig */ = {isa = PBXFileReference; includeInIndex = 1; lastKnownFileType = text.xcconfig; name = "Pods-TWAzureAuthenticator.debug.xcconfig"; path = "Target Support Files/Pods-TWAzureAuthenticator/Pods-TWAzureAuthenticator.debug.xcconfig"; sourceTree = "<group>"; };
		CBD28FD7B7CA61CFE1125CDC /* Pods-NoSMSUITests.debug.xcconfig */ = {isa = PBXFileReference; includeInIndex = 1; lastKnownFileType = text.xcconfig; name = "Pods-NoSMSUITests.debug.xcconfig"; path = "Target Support Files/Pods-NoSMSUITests/Pods-NoSMSUITests.debug.xcconfig"; sourceTree = "<group>"; };
		D4C671FD27706F8398B17736 /* Pods-TWAzureAuthenticatorUITests.release.xcconfig */ = {isa = PBXFileReference; includeInIndex = 1; lastKnownFileType = text.xcconfig; name = "Pods-TWAzureAuthenticatorUITests.release.xcconfig"; path = "Target Support Files/Pods-TWAzureAuthenticatorUITests/Pods-TWAzureAuthenticatorUITests.release.xcconfig"; sourceTree = "<group>"; };
/* End PBXFileReference section */

/* Begin PBXFrameworksBuildPhase section */
		2AF655272387ABA6000D8787 /* Frameworks */ = {
			isa = PBXFrameworksBuildPhase;
			buildActionMask = 2147483647;
			files = (
				7F871825ADA176CFB4C66265 /* Pods_NoSMS.framework in Frameworks */,
			);
			runOnlyForDeploymentPostprocessing = 0;
		};
		2AF6553D2387ABA8000D8787 /* Frameworks */ = {
			isa = PBXFrameworksBuildPhase;
			buildActionMask = 2147483647;
			files = (
				A92E9AFF3539AF8D5429B66B /* Pods_NoSMSTests.framework in Frameworks */,
			);
			runOnlyForDeploymentPostprocessing = 0;
		};
		2AF655482387ABA8000D8787 /* Frameworks */ = {
			isa = PBXFrameworksBuildPhase;
			buildActionMask = 2147483647;
			files = (
				E5575E7C04B29979F3929C37 /* Pods_NoSMSUITests.framework in Frameworks */,
			);
			runOnlyForDeploymentPostprocessing = 0;
		};
/* End PBXFrameworksBuildPhase section */

/* Begin PBXGroup section */
		2A21B08123A9C14A00922FBB /* AuthorizationManager */ = {
			isa = PBXGroup;
			children = (
				2A21B08223A9C18A00922FBB /* AuthorizationManager.swift */,
			);
			path = AuthorizationManager;
			sourceTree = "<group>";
		};
		2A2AF088238F99AC00BCC143 /* PhotoCheck */ = {
			isa = PBXGroup;
			children = (
				2A2AF089238F9A0F00BCC143 /* PhotoCheckViewController.swift */,
				2AD796AF23A8892300BEF6E8 /* PhotoCheckCollectionViewCell.swift */,
				2AD796B123A8DDF600BEF6E8 /* PhotoChoseViewController.swift */,
				2A43D70C23EA650F00E0E85C /* PhotoManager.swift */,
			);
			path = PhotoCheck;
			sourceTree = "<group>";
		};
		2A3A846623AB1323002D4482 /* NoSMSHUD */ = {
			isa = PBXGroup;
			children = (
				2A3A846723AB133C002D4482 /* NoSMSHUD.swift */,
			);
			path = NoSMSHUD;
			sourceTree = "<group>";
		};
		2A4B4CED266DF6CF0097340F /* GestPassWord */ = {
			isa = PBXGroup;
			children = (
				2A4B4CEE266DF7220097340F /* GestVerificationViewController.swift */,
				2A4B4CF3266DF7950097340F /* GestVerificationViewControllerViewModel.swift */,
				2A4B4CF8266DF9F30097340F /* GestVerificationConfig.swift */,
				2A4B4CFD266E085B0097340F /* GestVerificationManager.swift */,
				2A4B4D02266E12D60097340F /* GestVerificationSettingViewController.swift */,
				2A4B4D0A266F11D20097340F /* GestVerificationSettingViewControllerViewModel.swift */,
				2AA736202692D81800ED2185 /* GestVerificationOpenedMeunViewController.swift */,
				2AA736252692D9C700ED2185 /* GestVerificationOpenedMeunViewControllerViewModel.swift */,
				2AA7362A2692DD3B00ED2185 /* GestVerificationMenuTableViewCellViewModel.swift */,
				2AA7362F2692DE6600ED2185 /* GestVerificationMenuTableViewCell.swift */,
			);
			path = GestPassWord;
			sourceTree = "<group>";
		};
		2A75E64A238B7D5A00E8CAB9 /* TokenList */ = {
			isa = PBXGroup;
			children = (
				2A75E64B238B7D7700E8CAB9 /* TokenListViewController.swift */,
				A1B8D021252EBD69005099B7 /* OTPShareAndReceiveViewController.swift */,
				A1B8D023253565A7005099B7 /* OTPShareRecordViewController.swift */,
				A1B8D02525528FEF005099B7 /* OTPShareRecordDetailViewController.swift */,
				A1B8D01D252C2059005099B7 /* ShareOTPViewController.swift */,
				A1B8D01F252DBFCF005099B7 /* QRcodeOTPShareViewController.swift */,
				2A75E657238BB3D200E8CAB9 /* TokenListTableViewCell.swift */,
				2A21B08423A9FBD800922FBB /* ChoseHowToAddToken.swift */,
				2A91DFCD23ABB84400A630E9 /* Menu.swift */,
				2A43D70823EA60E900E0E85C /* DigitsView.swift */,
				2A43D70A23EA612F00E0E85C /* CircleView.swift */,
				BBBA6C3C2410AD09003F4559 /* TokenListMenuViewController.swift */,
			);
			path = TokenList;
			sourceTree = "<group>";
		};
		2A75E64D238B7D8700E8CAB9 /* Base */ = {
			isa = PBXGroup;
			children = (
				2A75E651238B80FF00E8CAB9 /* BaseViewController.swift */,
				2A75E653238B814300E8CAB9 /* BaseTableViewController.swift */,
				2A75E655238B824A00E8CAB9 /* BaseNavigaitonItem.swift */,
				2AE3166123B1F3FE001DDBB2 /* BaseWebViewController.swift */,
				2A7F136724449E1100B4F140 /* BaseSearchViewController.swift */,
			);
			path = Base;
			sourceTree = "<group>";
		};
		2A75E64E238B7DF300E8CAB9 /* ThirdParty+Extension */ = {
			isa = PBXGroup;
			children = (
				2A75E64F238B7E1700E8CAB9 /* SnapKit+Extension.swift */,
			);
			path = "ThirdParty+Extension";
			sourceTree = "<group>";
		};
		2A75E659238BB82E00E8CAB9 /* Common */ = {
			isa = PBXGroup;
			children = (
				2AE53BE923A2499600AB1319 /* TOTPURL */,
				2A3A846623AB1323002D4482 /* NoSMSHUD */,
				2A21B08123A9C14A00922FBB /* AuthorizationManager */,
				2AE53BED23A2499600AB1319 /* PastedAction */,
				2AE53BEB23A2499600AB1319 /* UserDefault */,
				2AE3DC4B238CC773009AC8EE /* TokenStore */,
				2A75E65A238BB8A100E8CAB9 /* Extension */,
			);
			path = Common;
			sourceTree = "<group>";
		};
		2A75E65A238BB8A100E8CAB9 /* Extension */ = {
			isa = PBXGroup;
			children = (
				BBE143A0244479F500387824 /* NSObjectExtension.swift */,
				BBE1439F244479F500387824 /* UIAlertControllerExtension.swift */,
				2AE9524623CF0A2400A7BD66 /* UICollectionView+Fix.h */,
				2AE9524723CF0A2400A7BD66 /* UICollectionView+Fix.m */,
				2A75E65B238BB8E400E8CAB9 /* UILabel+SetValueReturnSelf+Extension.swift */,
				2A75E65D238BB9C900E8CAB9 /* UIView+Extension.swift */,
				2A75E65F238BBAC500E8CAB9 /* UIFont+Extension.swift */,
				2A2AF08B238FA39100BCC143 /* UIViewController+Extension.swift */,
				2A23621023A340D1006DD184 /* UIColor+Extension.swift */,
				2A55BA9A23A727A300142382 /* UIImage+AppImageExtension.swift */,
				2A23621323A35154006DD184 /* UILabel+Extension+Rx.swift */,
				2AE756B02428A186002181F9 /* UIDevice+Extension.swift */,
			);
			path = Extension;
			sourceTree = "<group>";
		};
		2A7F13552444991400B4F140 /* Group */ = {
			isa = PBXGroup;
			children = (
				2A7F13582444995500B4F140 /* GroupAddCode */,
				2A7F13572444994900B4F140 /* GroupEdit */,
				2A7F13562444993600B4F140 /* GroupMenu */,
			);
			path = Group;
			sourceTree = "<group>";
		};
		2A7F13562444993600B4F140 /* GroupMenu */ = {
			isa = PBXGroup;
			children = (
				2A7F136324449D1300B4F140 /* GroupViewController.swift */,
				2A7F136524449DAA00B4F140 /* GroupTableViewCell.swift */,
			);
			path = GroupMenu;
			sourceTree = "<group>";
		};
		2A7F13572444994900B4F140 /* GroupEdit */ = {
			isa = PBXGroup;
			children = (
				2A7F135F24449A7D00B4F140 /* GroupEditTableViewCell.swift */,
				2A7F136124449AD400B4F140 /* GroupEditCodeViewController.swift */,
			);
			path = GroupEdit;
			sourceTree = "<group>";
		};
		2A7F13582444995500B4F140 /* GroupAddCode */ = {
			isa = PBXGroup;
			children = (
				2A7F13592444998100B4F140 /* GroupAddCodeViewController.swift */,
				2A7F135D24449A2D00B4F140 /* GroupAddCodeTableViewCell.swift */,
			);
			path = GroupAddCode;
			sourceTree = "<group>";
		};
		2AAED82723F287D60094A193 /* gif */ = {
			isa = PBXGroup;
			children = (
				2AE756AE24289D69002181F9 /* loading_dark_2.gif */,
				2AAED82823F287D60094A193 /* loading_ps.gif */,
				2AAED82923F287D60094A193 /* loading_ae.gif */,
			);
			path = gif;
			sourceTree = "<group>";
		};
		2AE3DC4B238CC773009AC8EE /* TokenStore */ = {
			isa = PBXGroup;
			children = (
				2AE3DC4C238CC876009AC8EE /* TokenStoreProtocol.swift */,
			);
			path = TokenStore;
			sourceTree = "<group>";
		};
		2AE3DC4E238D31E3009AC8EE /* Scanner */ = {
			isa = PBXGroup;
			children = (
				2AE3DC4F238D3201009AC8EE /* TokenScannerViewController.swift */,
			);
			path = Scanner;
			sourceTree = "<group>";
		};
		2AE53BE923A2499600AB1319 /* TOTPURL */ = {
			isa = PBXGroup;
			children = (
				2AE53BEA23A2499600AB1319 /* TOTPURLParsing.swift */,
			);
			path = TOTPURL;
			sourceTree = "<group>";
		};
		2AE53BEB23A2499600AB1319 /* UserDefault */ = {
			isa = PBXGroup;
			children = (
				2AE53BEC23A2499600AB1319 /* UserDefaultExtension.swift */,
			);
			path = UserDefault;
			sourceTree = "<group>";
		};
		2AE53BED23A2499600AB1319 /* PastedAction */ = {
			isa = PBXGroup;
			children = (
				2AE53BEE23A2499600AB1319 /* PastedAction.swift */,
			);
			path = PastedAction;
			sourceTree = "<group>";
		};
		2AE53BF223A249B000AB1319 /* JoinManuallyTOTP */ = {
			isa = PBXGroup;
			children = (
				2AE53BF323A249B000AB1319 /* JoinManuallyTOTPTableViewCell.swift */,
				2AE53BF423A249B000AB1319 /* JoinManuallyTOTPViewController.swift */,
			);
			path = JoinManuallyTOTP;
			sourceTree = "<group>";
		};
		2AF655212387ABA6000D8787 = {
			isa = PBXGroup;
			children = (
				2AF6552C2387ABA6000D8787 /* NoSMS */,
				2AF655432387ABA8000D8787 /* NoSMSTests */,
				2AF6554E2387ABA8000D8787 /* NoSMSUITests */,
				2AF6552B2387ABA6000D8787 /* Products */,
				7513125A76B066A2C96BDC55 /* Pods */,
				A82008539CEB88538873CCF8 /* Frameworks */,
			);
			sourceTree = "<group>";
		};
		2AF6552B2387ABA6000D8787 /* Products */ = {
			isa = PBXGroup;
			children = (
				2AF6552A2387ABA6000D8787 /* NoSMS.app */,
				2AF655402387ABA8000D8787 /* NoSMSTests.xctest */,
				2AF6554B2387ABA8000D8787 /* NoSMSUITests.xctest */,
			);
			name = Products;
			sourceTree = "<group>";
		};
		2AF6552C2387ABA6000D8787 /* NoSMS */ = {
			isa = PBXGroup;
			children = (
				A3FA4EE52FD67C8C0046BEE1 /* docs */,
				BB19B3BB2449C1EA00D5E9E4 /* Modulization */,
				2A4B4CED266DF6CF0097340F /* GestPassWord */,
				A1B8D04A2553C014005099B7 /* RealmDataManager */,
				2A7F13552444991400B4F140 /* Group */,
				BBBC44A524459B2D00C6AE6E /* Blur */,
				BBE1439C2444016E00387824 /* FaceIDSetting */,
				BB93FD7C23F3FD3300A08CD6 /* APINetWork */,
				BB93FD7B23F3FC8A00A08CD6 /* VersionUpdate */,
				2AE53BF223A249B000AB1319 /* JoinManuallyTOTP */,
				2A2AF088238F99AC00BCC143 /* PhotoCheck */,
				2AE3DC4E238D31E3009AC8EE /* Scanner */,
				2A75E659238BB82E00E8CAB9 /* Common */,
				2A75E64E238B7DF300E8CAB9 /* ThirdParty+Extension */,
				2AAED82723F287D60094A193 /* gif */,
				2A75E64D238B7D8700E8CAB9 /* Base */,
				2A75E64A238B7D5A00E8CAB9 /* TokenList */,
				2AF6552D2387ABA6000D8787 /* AppDelegate.swift */,
				2AF655362387ABA8000D8787 /* Assets.xcassets */,
				2AF655382387ABA8000D8787 /* LaunchScreen.storyboard */,
				2AF6553B2387ABA8000D8787 /* Info.plist */,
			);
			path = NoSMS;
			sourceTree = "<group>";
		};
		2AF655432387ABA8000D8787 /* NoSMSTests */ = {
			isa = PBXGroup;
			children = (
				2AF655442387ABA8000D8787 /* NoSMSTests.swift */,
				2AF655462387ABA8000D8787 /* Info.plist */,
				2A1E67E523BF2AB1002E639D /* NoSMSTokenURLTest.swift */,
			);
			path = NoSMSTests;
			sourceTree = "<group>";
		};
		2AF6554E2387ABA8000D8787 /* NoSMSUITests */ = {
			isa = PBXGroup;
			children = (
				2AF6554F2387ABA8000D8787 /* NoSMSUITests.swift */,
				2AF655512387ABA8000D8787 /* Info.plist */,
			);
			path = NoSMSUITests;
			sourceTree = "<group>";
		};
		7513125A76B066A2C96BDC55 /* Pods */ = {
			isa = PBXGroup;
			children = (
				C336FAA68D76C39086892222 /* Pods-TWAzureAuthenticator.debug.xcconfig */,
				3970F258F6361C4260991E5A /* Pods-TWAzureAuthenticator.release.xcconfig */,
				9B2075010F5908FB50A06A7B /* Pods-TWAzureAuthenticatorTests.debug.xcconfig */,
				7C52A96AE617E9F8681F329F /* Pods-TWAzureAuthenticatorTests.release.xcconfig */,
				A823901B720E6CD9235D0962 /* Pods-TWAzureAuthenticatorUITests.debug.xcconfig */,
				D4C671FD27706F8398B17736 /* Pods-TWAzureAuthenticatorUITests.release.xcconfig */,
				A54BB1B459A613FBD7F23211 /* Pods-NoSMS.debug.xcconfig */,
				3BBA7C2D82B0CAA85542F237 /* Pods-NoSMS.release.xcconfig */,
				5D887F7919F4F7A653B8E561 /* Pods-NoSMSTests.debug.xcconfig */,
				A196883168F4BEF0144199A0 /* Pods-NoSMSTests.release.xcconfig */,
				CBD28FD7B7CA61CFE1125CDC /* Pods-NoSMSUITests.debug.xcconfig */,
				882C5645A49849890634181A /* Pods-NoSMSUITests.release.xcconfig */,
			);
			path = Pods;
			sourceTree = "<group>";
		};
		A1B8D04A2553C014005099B7 /* RealmDataManager */ = {
			isa = PBXGroup;
			children = (
				A1B8D04B2553C032005099B7 /* RealmDataManager.swift */,
			);
			path = RealmDataManager;
			sourceTree = "<group>";
		};
		A3FA4EE52FD67C8C0046BEE1 /* docs */ = {
			isa = PBXGroup;
			children = (
				A3FA4EE62FD67CB20046BEE1 /* sdd_technical_specification.md */,
				A3FA4EE72FD67CB20046BEE1 /* swiftui_refactoring_plan.md */,
				A3FA4EE82FD67CB20046BEE1 /* task.md */,
			);
			path = docs;
			sourceTree = "<group>";
		};
		A82008539CEB88538873CCF8 /* Frameworks */ = {
			isa = PBXGroup;
			children = (
				AC3998DDEF5F71F707A53FD6 /* Pods_NoSMS.framework */,
				6B380CE65F2465987DFE9E47 /* Pods_NoSMSTests.framework */,
				725498DDA9F9AE2FA3E5D1D9 /* Pods_NoSMSUITests.framework */,
			);
			name = Frameworks;
			sourceTree = "<group>";
		};
		BB19B3BB2449C1EA00D5E9E4 /* Modulization */ = {
			isa = PBXGroup;
			children = (
				BB19B3BE2449C20200D5E9E4 /* UIDevice+VKKeychainIDFV.h */,
				BB19B3BD2449C20100D5E9E4 /* UIDevice+VKKeychainIDFV.m */,
				BB19B3BC2449C1F400D5E9E4 /* Config */,
			);
			path = Modulization;
			sourceTree = "<group>";
		};
		BB19B3BC2449C1F400D5E9E4 /* Config */ = {
			isa = PBXGroup;
			children = (
				BB19B3BF2449C20F00D5E9E4 /* NoSMS-Bridging-Header.h */,
				BB19B3C02449C20F00D5E9E4 /* PrefixHeader.pch */,
			);
			path = Config;
			sourceTree = "<group>";
		};
		BB93FD7B23F3FC8A00A08CD6 /* VersionUpdate */ = {
			isa = PBXGroup;
			children = (
				BB93FD8723F3FF2C00A08CD6 /* VersionUpdateViewController.swift */,
			);
			path = VersionUpdate;
			sourceTree = "<group>";
		};
		BB93FD7C23F3FD3300A08CD6 /* APINetWork */ = {
			isa = PBXGroup;
			children = (
				BB93FD8423F3FDCF00A08CD6 /* APIClient.swift */,
				BB93FD8323F3FDCF00A08CD6 /* Repository.swift */,
			);
			path = APINetWork;
			sourceTree = "<group>";
		};
		BBBC44A524459B2D00C6AE6E /* Blur */ = {
			isa = PBXGroup;
			children = (
				BBBC44A82445AA7A00C6AE6E /* BlurViewController.swift */,
			);
			path = Blur;
			sourceTree = "<group>";
		};
		BBE1439C2444016E00387824 /* FaceIDSetting */ = {
			isa = PBXGroup;
			children = (
				BBE1439D244401B100387824 /* FaceIDSettingViewController.swift */,
				2AA7360B268D8B9E00ED2185 /* GestSettingTableViewCellViewModel.swift */,
			);
			path = FaceIDSetting;
			sourceTree = "<group>";
		};
/* End PBXGroup section */

/* Begin PBXNativeTarget section */
		2AF655292387ABA6000D8787 /* NoSMS */ = {
			isa = PBXNativeTarget;
			buildConfigurationList = 2AF655542387ABA8000D8787 /* Build configuration list for PBXNativeTarget "NoSMS" */;
			buildPhases = (
				5E8BA7612D37E8A14D9D1E47 /* [CP] Check Pods Manifest.lock */,
				2AF655262387ABA6000D8787 /* Sources */,
				2AF655272387ABA6000D8787 /* Frameworks */,
				2AF655282387ABA6000D8787 /* Resources */,
				8C084FB3DF21DD0F799672FF /* [CP] Embed Pods Frameworks */,
			);
			buildRules = (
			);
			dependencies = (
			);
			name = NoSMS;
			productName = TWAzureAuthenticator;
			productReference = 2AF6552A2387ABA6000D8787 /* NoSMS.app */;
			productType = "com.apple.product-type.application";
		};
		2AF6553F2387ABA8000D8787 /* NoSMSTests */ = {
			isa = PBXNativeTarget;
			buildConfigurationList = 2AF655572387ABA8000D8787 /* Build configuration list for PBXNativeTarget "NoSMSTests" */;
			buildPhases = (
				B1E83BC1E8105B88A9829724 /* [CP] Check Pods Manifest.lock */,
				2AF6553C2387ABA8000D8787 /* Sources */,
				2AF6553D2387ABA8000D8787 /* Frameworks */,
				2AF6553E2387ABA8000D8787 /* Resources */,
			);
			buildRules = (
			);
			dependencies = (
				2AF655422387ABA8000D8787 /* PBXTargetDependency */,
			);
			name = NoSMSTests;
			productName = TWAzureAuthenticatorTests;
			productReference = 2AF655402387ABA8000D8787 /* NoSMSTests.xctest */;
			productType = "com.apple.product-type.bundle.unit-test";
		};
		2AF6554A2387ABA8000D8787 /* NoSMSUITests */ = {
			isa = PBXNativeTarget;
			buildConfigurationList = 2AF6555A2387ABA8000D8787 /* Build configuration list for PBXNativeTarget "NoSMSUITests" */;
			buildPhases = (
				1D42DA81C18B7793BF240F07 /* [CP] Check Pods Manifest.lock */,
				2AF655472387ABA8000D8787 /* Sources */,
				2AF655482387ABA8000D8787 /* Frameworks */,
				2AF655492387ABA8000D8787 /* Resources */,
			);
			buildRules = (
			);
			dependencies = (
				2AF6554D2387ABA8000D8787 /* PBXTargetDependency */,
			);
			name = NoSMSUITests;
			productName = TWAzureAuthenticatorUITests;
			productReference = 2AF6554B2387ABA8000D8787 /* NoSMSUITests.xctest */;
			productType = "com.apple.product-type.bundle.ui-testing";
		};
/* End PBXNativeTarget section */

/* Begin PBXProject section */
		2AF655222387ABA6000D8787 /* Project object */ = {
			isa = PBXProject;
			attributes = {
				LastSwiftUpdateCheck = 1100;
				LastUpgradeCheck = 1100;
				TargetAttributes = {
					2AF655292387ABA6000D8787 = {
						CreatedOnToolsVersion = 11.0;
						LastSwiftMigration = 1100;
					};
					2AF6553F2387ABA8000D8787 = {
						CreatedOnToolsVersion = 11.0;
						TestTargetID = 2AF655292387ABA6000D8787;
					};
					2AF6554A2387ABA8000D8787 = {
						CreatedOnToolsVersion = 11.0;
						TestTargetID = 2AF655292387ABA6000D8787;
					};
				};
			};
			buildConfigurationList = 2AF655252387ABA6000D8787 /* Build configuration list for PBXProject "NoSMS" */;
			compatibilityVersion = "Xcode 9.3";
			developmentRegion = en;
			hasScannedForEncodings = 0;
			knownRegions = (
				en,
				Base,
				"zh-Hans",
				"zh-Hant",
				"zh-HK",
			);
			mainGroup = 2AF655212387ABA6000D8787;
			productRefGroup = 2AF6552B2387ABA6000D8787 /* Products */;
			projectDirPath = "";
			projectRoot = "";
			targets = (
				2AF655292387ABA6000D8787 /* NoSMS */,
				2AF6553F2387ABA8000D8787 /* NoSMSTests */,
				2AF6554A2387ABA8000D8787 /* NoSMSUITests */,
			);
		};
/* End PBXProject section */

/* Begin PBXResourcesBuildPhase section */
		2AF655282387ABA6000D8787 /* Resources */ = {
			isa = PBXResourcesBuildPhase;
			buildActionMask = 2147483647;
			files = (
				2AAED82A23F287D60094A193 /* loading_ps.gif in Resources */,
				A3FA4EE92FD67CB20046BEE1 /* sdd_technical_specification.md in Resources */,
				A3FA4EEA2FD67CB20046BEE1 /* task.md in Resources */,
				A3FA4EEB2FD67CB20046BEE1 /* swiftui_refactoring_plan.md in Resources */,
				2AAED82B23F287D60094A193 /* loading_ae.gif in Resources */,
				2AE756AF24289D69002181F9 /* loading_dark_2.gif in Resources */,
				2AF6553A2387ABA8000D8787 /* LaunchScreen.storyboard in Resources */,
				2AF655372387ABA8000D8787 /* Assets.xcassets in Resources */,
			);
			runOnlyForDeploymentPostprocessing = 0;
		};
		2AF6553E2387ABA8000D8787 /* Resources */ = {
			isa = PBXResourcesBuildPhase;
			buildActionMask = 2147483647;
			files = (
			);
			runOnlyForDeploymentPostprocessing = 0;
		};
		2AF655492387ABA8000D8787 /* Resources */ = {
			isa = PBXResourcesBuildPhase;
			buildActionMask = 2147483647;
			files = (
			);
			runOnlyForDeploymentPostprocessing = 0;
		};
/* End PBXResourcesBuildPhase section */

/* Begin PBXShellScriptBuildPhase section */
		1D42DA81C18B7793BF240F07 /* [CP] Check Pods Manifest.lock */ = {
			isa = PBXShellScriptBuildPhase;
			buildActionMask = 2147483647;
			files = (
			);
			inputFileListPaths = (
			);
			inputPaths = (
				"${PODS_PODFILE_DIR_PATH}/Podfile.lock",
				"${PODS_ROOT}/Manifest.lock",
			);
			name = "[CP] Check Pods Manifest.lock";
			outputFileListPaths = (
			);
			outputPaths = (
				"$(DERIVED_FILE_DIR)/Pods-NoSMSUITests-checkManifestLockResult.txt",
			);
			runOnlyForDeploymentPostprocessing = 0;
			shellPath = /bin/sh;
			shellScript = "diff \"${PODS_PODFILE_DIR_PATH}/Podfile.lock\" \"${PODS_ROOT}/Manifest.lock\" > /dev/null\nif [ $? != 0 ] ; then\n    # print error to STDERR\n    echo \"error: The sandbox is not in sync with the Podfile.lock. Run 'pod install' or update your CocoaPods installation.\" >&2\n    exit 1\nfi\n# This output is used by Xcode 'outputs' to avoid re-running this script phase.\necho \"SUCCESS\" > \"${SCRIPT_OUTPUT_FILE_0}\"\n";
			showEnvVarsInLog = 0;
		};
		5E8BA7612D37E8A14D9D1E47 /* [CP] Check Pods Manifest.lock */ = {
			isa = PBXShellScriptBuildPhase;
			buildActionMask = 2147483647;
			files = (
			);
			inputFileListPaths = (
			);
			inputPaths = (
				"${PODS_PODFILE_DIR_PATH}/Podfile.lock",
				"${PODS_ROOT}/Manifest.lock",
			);
			name = "[CP] Check Pods Manifest.lock";
			outputFileListPaths = (
			);
			outputPaths = (
				"$(DERIVED_FILE_DIR)/Pods-NoSMS-checkManifestLockResult.txt",
			);
			runOnlyForDeploymentPostprocessing = 0;
			shellPath = /bin/sh;
			shellScript = "diff \"${PODS_PODFILE_DIR_PATH}/Podfile.lock\" \"${PODS_ROOT}/Manifest.lock\" > /dev/null\nif [ $? != 0 ] ; then\n    # print error to STDERR\n    echo \"error: The sandbox is not in sync with the Podfile.lock. Run 'pod install' or update your CocoaPods installation.\" >&2\n    exit 1\nfi\n# This output is used by Xcode 'outputs' to avoid re-running this script phase.\necho \"SUCCESS\" > \"${SCRIPT_OUTPUT_FILE_0}\"\n";
			showEnvVarsInLog = 0;
		};
		8C084FB3DF21DD0F799672FF /* [CP] Embed Pods Frameworks */ = {
			isa = PBXShellScriptBuildPhase;
			buildActionMask = 2147483647;
			files = (
			);
			inputFileListPaths = (
				"${PODS_ROOT}/Target Support Files/Pods-NoSMS/Pods-NoSMS-frameworks-${CONFIGURATION}-input-files.xcfilelist",
			);
			inputPaths = (
			);
			name = "[CP] Embed Pods Frameworks";
			outputFileListPaths = (
				"${PODS_ROOT}/Target Support Files/Pods-NoSMS/Pods-NoSMS-frameworks-${CONFIGURATION}-output-files.xcfilelist",
			);
			outputPaths = (
			);
			runOnlyForDeploymentPostprocessing = 0;
			shellPath = /bin/sh;
			shellScript = "\"${PODS_ROOT}/Target Support Files/Pods-NoSMS/Pods-NoSMS-frameworks.sh\"\n";
			showEnvVarsInLog = 0;
		};
		B1E83BC1E8105B88A9829724 /* [CP] Check Pods Manifest.lock */ = {
			isa = PBXShellScriptBuildPhase;
			buildActionMask = 2147483647;
			files = (
			);
			inputFileListPaths = (
			);
			inputPaths = (
				"${PODS_PODFILE_DIR_PATH}/Podfile.lock",
				"${PODS_ROOT}/Manifest.lock",
			);
			name = "[CP] Check Pods Manifest.lock";
			outputFileListPaths = (
			);
			outputPaths = (
				"$(DERIVED_FILE_DIR)/Pods-NoSMSTests-checkManifestLockResult.txt",
			);
			runOnlyForDeploymentPostprocessing = 0;
			shellPath = /bin/sh;
			shellScript = "diff \"${PODS_PODFILE_DIR_PATH}/Podfile.lock\" \"${PODS_ROOT}/Manifest.lock\" > /dev/null\nif [ $? != 0 ] ; then\n    # print error to STDERR\n    echo \"error: The sandbox is not in sync with the Podfile.lock. Run 'pod install' or update your CocoaPods installation.\" >&2\n    exit 1\nfi\n# This output is used by Xcode 'outputs' to avoid re-running this script phase.\necho \"SUCCESS\" > \"${SCRIPT_OUTPUT_FILE_0}\"\n";
			showEnvVarsInLog = 0;
		};
/* End PBXShellScriptBuildPhase section */

/* Begin PBXSourcesBuildPhase section */
		2AF655262387ABA6000D8787 /* Sources */ = {
			isa = PBXSourcesBuildPhase;
			buildActionMask = 2147483647;
			files = (
				BB93FD8823F3FF2C00A08CD6 /* VersionUpdateViewController.swift in Sources */,
				2A23621423A35154006DD184 /* UILabel+Extension+Rx.swift in Sources */,
				2A4B4D03266E12D60097340F /* GestVerificationSettingViewController.swift in Sources */,
				BBBA6C3D2410AD09003F4559 /* TokenListMenuViewController.swift in Sources */,
				2AE53BF623A249B000AB1319 /* JoinManuallyTOTPViewController.swift in Sources */,
				BBE143A1244479F500387824 /* UIAlertControllerExtension.swift in Sources */,
				2A91DFCE23ABB84400A630E9 /* Menu.swift in Sources */,
				2AE53BF123A2499600AB1319 /* PastedAction.swift in Sources */,
				2AA7360C268D8B9E00ED2185 /* GestSettingTableViewCellViewModel.swift in Sources */,
				2AA736262692D9C700ED2185 /* GestVerificationOpenedMeunViewControllerViewModel.swift in Sources */,
				BBBC44A92445AA7A00C6AE6E /* BlurViewController.swift in Sources */,
				2A55BA9B23A727A300142382 /* UIImage+AppImageExtension.swift in Sources */,
				2A7F136824449E1100B4F140 /* BaseSearchViewController.swift in Sources */,
				2AD796B223A8DDF600BEF6E8 /* PhotoChoseViewController.swift in Sources */,
				2A75E650238B7E1700E8CAB9 /* SnapKit+Extension.swift in Sources */,
				2AE3DC4D238CC876009AC8EE /* TokenStoreProtocol.swift in Sources */,
				BB93FD8623F3FDCF00A08CD6 /* APIClient.swift in Sources */,
				A1B8D02625528FEF005099B7 /* OTPShareRecordDetailViewController.swift in Sources */,
				2A21B08323A9C18A00922FBB /* AuthorizationManager.swift in Sources */,
				2A75E65C238BB8E400E8CAB9 /* UILabel+SetValueReturnSelf+Extension.swift in Sources */,
				2A75E658238BB3D200E8CAB9 /* TokenListTableViewCell.swift in Sources */,
				2A7F135E24449A2D00B4F140 /* GroupAddCodeTableViewCell.swift in Sources */,
				2A7F136624449DAA00B4F140 /* GroupTableViewCell.swift in Sources */,
				2AE53BF523A249B000AB1319 /* JoinManuallyTOTPTableViewCell.swift in Sources */,
				2A2AF08C238FA39100BCC143 /* UIViewController+Extension.swift in Sources */,
				2AE53BEF23A2499600AB1319 /* TOTPURLParsing.swift in Sources */,
				2A4B4CEF266DF7220097340F /* GestVerificationViewController.swift in Sources */,
				2AE53BF023A2499600AB1319 /* UserDefaultExtension.swift in Sources */,
				A1B8D024253565A7005099B7 /* OTPShareRecordViewController.swift in Sources */,
				BBE143A2244479F500387824 /* NSObjectExtension.swift in Sources */,
				2A75E65E238BB9C900E8CAB9 /* UIView+Extension.swift in Sources */,
				2AE9524823CF0A2400A7BD66 /* UICollectionView+Fix.m in Sources */,
				2A75E652238B80FF00E8CAB9 /* BaseViewController.swift in Sources */,
				2A3A846823AB133C002D4482 /* NoSMSHUD.swift in Sources */,
				2A2AF08A238F9A0F00BCC143 /* PhotoCheckViewController.swift in Sources */,
				2A7F136024449A7D00B4F140 /* GroupEditTableViewCell.swift in Sources */,
				2AD796B023A8892300BEF6E8 /* PhotoCheckCollectionViewCell.swift in Sources */,
				2A75E654238B814300E8CAB9 /* BaseTableViewController.swift in Sources */,
				A1B8D022252EBD69005099B7 /* OTPShareAndReceiveViewController.swift in Sources */,
				2A75E656238B824A00E8CAB9 /* BaseNavigaitonItem.swift in Sources */,
				2A43D70923EA60E900E0E85C /* DigitsView.swift in Sources */,
				A1B8D04C2553C032005099B7 /* RealmDataManager.swift in Sources */,
				2A4B4D0B266F11D20097340F /* GestVerificationSettingViewControllerViewModel.swift in Sources */,
				2AE756B12428A186002181F9 /* UIDevice+Extension.swift in Sources */,
				BBE1439E244401B100387824 /* FaceIDSettingViewController.swift in Sources */,
				2A4B4CFE266E085B0097340F /* GestVerificationManager.swift in Sources */,
				2A43D70D23EA650F00E0E85C /* PhotoManager.swift in Sources */,
				2AA736212692D81800ED2185 /* GestVerificationOpenedMeunViewController.swift in Sources */,
				2A43D70B23EA612F00E0E85C /* CircleView.swift in Sources */,
				2A75E64C238B7D7700E8CAB9 /* TokenListViewController.swift in Sources */,
				2A75E660238BBAC500E8CAB9 /* UIFont+Extension.swift in Sources */,
				2A7F136424449D1300B4F140 /* GroupViewController.swift in Sources */,
				2AA7362B2692DD3B00ED2185 /* GestVerificationMenuTableViewCellViewModel.swift in Sources */,
				2AA736302692DE6600ED2185 /* GestVerificationMenuTableViewCell.swift in Sources */,
				BB19B3C12449C22B00D5E9E4 /* UIDevice+VKKeychainIDFV.m in Sources */,
				2A21B08523A9FBD800922FBB /* ChoseHowToAddToken.swift in Sources */,
				BB93FD8523F3FDCF00A08CD6 /* Repository.swift in Sources */,
				2A4B4CF4266DF7950097340F /* GestVerificationViewControllerViewModel.swift in Sources */,
				A1B8D020252DBFCF005099B7 /* QRcodeOTPShareViewController.swift in Sources */,
				2AE3166223B1F3FE001DDBB2 /* BaseWebViewController.swift in Sources */,
				2A7F136224449AD400B4F140 /* GroupEditCodeViewController.swift in Sources */,
				2AE3DC50238D3201009AC8EE /* TokenScannerViewController.swift in Sources */,
				2A4B4CF9266DF9F30097340F /* GestVerificationConfig.swift in Sources */,
				2AF6552E2387ABA6000D8787 /* AppDelegate.swift in Sources */,
				A1B8D01E252C2059005099B7 /* ShareOTPViewController.swift in Sources */,
				2A7F135A2444998100B4F140 /* GroupAddCodeViewController.swift in Sources */,
				2A23621123A340D1006DD184 /* UIColor+Extension.swift in Sources */,
			);
			runOnlyForDeploymentPostprocessing = 0;
		};
		2AF6553C2387ABA8000D8787 /* Sources */ = {
			isa = PBXSourcesBuildPhase;
			buildActionMask = 2147483647;
			files = (
				2A1E67E623BF2AB1002E639D /* NoSMSTokenURLTest.swift in Sources */,
				2AF655452387ABA8000D8787 /* NoSMSTests.swift in Sources */,
			);
			runOnlyForDeploymentPostprocessing = 0;
		};
		2AF655472387ABA8000D8787 /* Sources */ = {
			isa = PBXSourcesBuildPhase;
			buildActionMask = 2147483647;
			files = (
				2AF655502387ABA8000D8787 /* NoSMSUITests.swift in Sources */,
			);
			runOnlyForDeploymentPostprocessing = 0;
		};
/* End PBXSourcesBuildPhase section */

/* Begin PBXTargetDependency section */
		2AF655422387ABA8000D8787 /* PBXTargetDependency */ = {
			isa = PBXTargetDependency;
			target = 2AF655292387ABA6000D8787 /* NoSMS */;
			targetProxy = 2AF655412387ABA8000D8787 /* PBXContainerItemProxy */;
		};
		2AF6554D2387ABA8000D8787 /* PBXTargetDependency */ = {
			isa = PBXTargetDependency;
			target = 2AF655292387ABA6000D8787 /* NoSMS */;
			targetProxy = 2AF6554C2387ABA8000D8787 /* PBXContainerItemProxy */;
		};
/* End PBXTargetDependency section */

/* Begin PBXVariantGroup section */
		2AF655382387ABA8000D8787 /* LaunchScreen.storyboard */ = {
			isa = PBXVariantGroup;
			children = (
				2AF655392387ABA8000D8787 /* Base */,
				2A7C34E123B99FB400FBCE38 /* zh-Hans */,
				2A7C34E223B99FBD00FBCE38 /* zh-Hant */,
				2A7C34E323B99FC300FBCE38 /* zh-HK */,
				2AE756B52428B34C002181F9 /* en */,
			);
			name = LaunchScreen.storyboard;
			sourceTree = "<group>";
		};
/* End PBXVariantGroup section */

/* Begin XCBuildConfiguration section */
		2AF655522387ABA8000D8787 /* Debug */ = {
			isa = XCBuildConfiguration;
			buildSettings = {
				ALWAYS_SEARCH_USER_PATHS = NO;
				CLANG_ANALYZER_LOCALIZABILITY_NONLOCALIZED = YES;
				CLANG_ANALYZER_NONNULL = YES;
				CLANG_ANALYZER_NUMBER_OBJECT_CONVERSION = YES_AGGRESSIVE;
				CLANG_CXX_LANGUAGE_STANDARD = "gnu++14";
				CLANG_CXX_LIBRARY = "libc++";
				CLANG_ENABLE_MODULES = YES;
				CLANG_ENABLE_OBJC_ARC = YES;
				CLANG_ENABLE_OBJC_WEAK = YES;
				CLANG_WARN_BLOCK_CAPTURE_AUTORELEASING = YES;
				CLANG_WARN_BOOL_CONVERSION = YES;
				CLANG_WARN_COMMA = YES;
				CLANG_WARN_CONSTANT_CONVERSION = YES;
				CLANG_WARN_DEPRECATED_OBJC_IMPLEMENTATIONS = YES;
				CLANG_WARN_DIRECT_OBJC_ISA_USAGE = YES_ERROR;
				CLANG_WARN_DOCUMENTATION_COMMENTS = YES;
				CLANG_WARN_EMPTY_BODY = YES;
				CLANG_WARN_ENUM_CONVERSION = YES;
				CLANG_WARN_INFINITE_RECURSION = YES;
				CLANG_WARN_INT_CONVERSION = YES;
				CLANG_WARN_NON_LITERAL_NULL_CONVERSION = YES;
				CLANG_WARN_OBJC_IMPLICIT_RETAIN_SELF = YES;
				CLANG_WARN_OBJC_LITERAL_CONVERSION = YES;
				CLANG_WARN_OBJC_ROOT_CLASS = YES_ERROR;
				CLANG_WARN_RANGE_LOOP_ANALYSIS = YES;
				CLANG_WARN_STRICT_PROTOTYPES = YES;
				CLANG_WARN_SUSPICIOUS_MOVE = YES;
				CLANG_WARN_UNGUARDED_AVAILABILITY = YES_AGGRESSIVE;
				CLANG_WARN_UNREACHABLE_CODE = YES;
				CLANG_WARN__DUPLICATE_METHOD_MATCH = YES;
				COPY_PHASE_STRIP = NO;
				DEBUG_INFORMATION_FORMAT = dwarf;
				ENABLE_STRICT_OBJC_MSGSEND = YES;
				ENABLE_TESTABILITY = YES;
				GCC_C_LANGUAGE_STANDARD = gnu11;
				GCC_DYNAMIC_NO_PIC = NO;
				GCC_NO_COMMON_BLOCKS = YES;
				GCC_OPTIMIZATION_LEVEL = 0;
				GCC_PREPROCESSOR_DEFINITIONS = (
					"DEBUG=1",
					"$(inherited)",
				);
				GCC_WARN_64_TO_32_BIT_CONVERSION = YES;
				GCC_WARN_ABOUT_RETURN_TYPE = YES_ERROR;
				GCC_WARN_UNDECLARED_SELECTOR = YES;
				GCC_WARN_UNINITIALIZED_AUTOS = YES_AGGRESSIVE;
				GCC_WARN_UNUSED_FUNCTION = YES;
				GCC_WARN_UNUSED_VARIABLE = YES;
				IPHONEOS_DEPLOYMENT_TARGET = 9.0;
				MTL_ENABLE_DEBUG_INFO = INCLUDE_SOURCE;
				MTL_FAST_MATH = YES;
				ONLY_ACTIVE_ARCH = YES;
				SDKROOT = iphoneos;
				SWIFT_ACTIVE_COMPILATION_CONDITIONS = DEBUG;
				SWIFT_OPTIMIZATION_LEVEL = "-Onone";
			};
			name = Debug;
		};
		2AF655532387ABA8000D8787 /* Release */ = {
			isa = XCBuildConfiguration;
			buildSettings = {
				ALWAYS_SEARCH_USER_PATHS = NO;
				CLANG_ANALYZER_LOCALIZABILITY_NONLOCALIZED = YES;
				CLANG_ANALYZER_NONNULL = YES;
				CLANG_ANALYZER_NUMBER_OBJECT_CONVERSION = YES_AGGRESSIVE;
				CLANG_CXX_LANGUAGE_STANDARD = "gnu++14";
				CLANG_CXX_LIBRARY = "libc++";
				CLANG_ENABLE_MODULES = YES;
				CLANG_ENABLE_OBJC_ARC = YES;
				CLANG_ENABLE_OBJC_WEAK = YES;
				CLANG_WARN_BLOCK_CAPTURE_AUTORELEASING = YES;
				CLANG_WARN_BOOL_CONVERSION = YES;
				CLANG_WARN_COMMA = YES;
				CLANG_WARN_CONSTANT_CONVERSION = YES;
				CLANG_WARN_DEPRECATED_OBJC_IMPLEMENTATIONS = YES;
				CLANG_WARN_DIRECT_OBJC_ISA_USAGE = YES_ERROR;
				CLANG_WARN_DOCUMENTATION_COMMENTS = YES;
				CLANG_WARN_EMPTY_BODY = YES;
				CLANG_WARN_ENUM_CONVERSION = YES;
				CLANG_WARN_INFINITE_RECURSION = YES;
				CLANG_WARN_INT_CONVERSION = YES;
				CLANG_WARN_NON_LITERAL_NULL_CONVERSION = YES;
				CLANG_WARN_OBJC_IMPLICIT_RETAIN_SELF = YES;
				CLANG_WARN_OBJC_LITERAL_CONVERSION = YES;
				CLANG_WARN_OBJC_ROOT_CLASS = YES_ERROR;
				CLANG_WARN_RANGE_LOOP_ANALYSIS = YES;
				CLANG_WARN_STRICT_PROTOTYPES = YES;
				CLANG_WARN_SUSPICIOUS_MOVE = YES;
				CLANG_WARN_UNGUARDED_AVAILABILITY = YES_AGGRESSIVE;
				CLANG_WARN_UNREACHABLE_CODE = YES;
				CLANG_WARN__DUPLICATE_METHOD_MATCH = YES;
				COPY_PHASE_STRIP = NO;
				DEBUG_INFORMATION_FORMAT = "dwarf-with-dsym";
				ENABLE_NS_ASSERTIONS = NO;
				ENABLE_STRICT_OBJC_MSGSEND = YES;
				GCC_C_LANGUAGE_STANDARD = gnu11;
				GCC_NO_COMMON_BLOCKS = YES;
				GCC_WARN_64_TO_32_BIT_CONVERSION = YES;
				GCC_WARN_ABOUT_RETURN_TYPE = YES_ERROR;
				GCC_WARN_UNDECLARED_SELECTOR = YES;
				GCC_WARN_UNINITIALIZED_AUTOS = YES_AGGRESSIVE;
				GCC_WARN_UNUSED_FUNCTION = YES;
				GCC_WARN_UNUSED_VARIABLE = YES;
				IPHONEOS_DEPLOYMENT_TARGET = 9.0;
				MTL_ENABLE_DEBUG_INFO = NO;
				MTL_FAST_MATH = YES;
				SDKROOT = iphoneos;
				SWIFT_COMPILATION_MODE = wholemodule;
				SWIFT_OPTIMIZATION_LEVEL = "-O";
				VALIDATE_PRODUCT = YES;
			};
			name = Release;
		};
		2AF655552387ABA8000D8787 /* Debug */ = {
			isa = XCBuildConfiguration;
			baseConfigurationReference = A54BB1B459A613FBD7F23211 /* Pods-NoSMS.debug.xcconfig */;
			buildSettings = {
				ASSETCATALOG_COMPILER_APPICON_NAME = AppIcon;
				CLANG_ENABLE_MODULES = YES;
				CODE_SIGN_IDENTITY = "iPhone Developer";
				CODE_SIGN_STYLE = Manual;
				DEVELOPMENT_TEAM = H697FWP873;
				GCC_PREFIX_HEADER = "${SRCROOT}/NoSMS/Modulization/Config/PrefixHeader.pch";
				INFOPLIST_FILE = NoSMS/Info.plist;
				IPHONEOS_DEPLOYMENT_TARGET = 13.0;
				LD_RUNPATH_SEARCH_PATHS = (
					"$(inherited)",
					"@executable_path/Frameworks",
				);
				PRODUCT_BUNDLE_IDENTIFIER = com.nayagen.needAuth;
				PRODUCT_NAME = "$(TARGET_NAME)";
				PROVISIONING_PROFILE_SPECIFIER = needAuth_MoblieDev;
				SWIFT_OBJC_BRIDGING_HEADER = "${SRCROOT}/NoSMS/Modulization/Config/NoSMS-Bridging-Header.h";
				SWIFT_OPTIMIZATION_LEVEL = "-Onone";
				SWIFT_VERSION = 5.0;
				TARGETED_DEVICE_FAMILY = 1;
			};
			name = Debug;
		};
		2AF655562387ABA8000D8787 /* Release */ = {
			isa = XCBuildConfiguration;
			baseConfigurationReference = 3BBA7C2D82B0CAA85542F237 /* Pods-NoSMS.release.xcconfig */;
			buildSettings = {
				ASSETCATALOG_COMPILER_APPICON_NAME = AppIcon;
				CLANG_ENABLE_MODULES = YES;
				CODE_SIGN_IDENTITY = "iPhone Developer";
				CODE_SIGN_STYLE = Manual;
				DEVELOPMENT_TEAM = H697FWP873;
				GCC_PREFIX_HEADER = "${SRCROOT}/NoSMS/Modulization/Config/PrefixHeader.pch";
				INFOPLIST_FILE = NoSMS/Info.plist;
				IPHONEOS_DEPLOYMENT_TARGET = 13.0;
				LD_RUNPATH_SEARCH_PATHS = (
					"$(inherited)",
					"@executable_path/Frameworks",
				);
				PRODUCT_BUNDLE_IDENTIFIER = com.nayagen.needAuth;
				PRODUCT_NAME = "$(TARGET_NAME)";
				PROVISIONING_PROFILE_SPECIFIER = needAuth_MoblieDev;
				SWIFT_OBJC_BRIDGING_HEADER = "${SRCROOT}/NoSMS/Modulization/Config/NoSMS-Bridging-Header.h";
				SWIFT_VERSION = 5.0;
				TARGETED_DEVICE_FAMILY = 1;
			};
			name = Release;
		};
		2AF655582387ABA8000D8787 /* Debug */ = {
			isa = XCBuildConfiguration;
			baseConfigurationReference = 5D887F7919F4F7A653B8E561 /* Pods-NoSMSTests.debug.xcconfig */;
			buildSettings = {
				ALWAYS_EMBED_SWIFT_STANDARD_LIBRARIES = YES;
				BUNDLE_LOADER = "$(TEST_HOST)";
				CODE_SIGN_STYLE = Automatic;
				DEVELOPMENT_TEAM = K889LGV7VJ;
				INFOPLIST_FILE = NoSMS/Info.plist;
				IPHONEOS_DEPLOYMENT_TARGET = 13.0;
				LD_RUNPATH_SEARCH_PATHS = (
					"$(inherited)",
					"@executable_path/Frameworks",
					"@loader_path/Frameworks",
				);
				PRODUCT_BUNDLE_IDENTIFIER = AzureTW.TWAzureAuthenticatorTests;
				PRODUCT_NAME = "$(TARGET_NAME)";
				SWIFT_VERSION = 5.0;
				TARGETED_DEVICE_FAMILY = "1,2";
				TEST_HOST = "$(BUILT_PRODUCTS_DIR)/NoSMS.app/NoSMS";
			};
			name = Debug;
		};
		2AF655592387ABA8000D8787 /* Release */ = {
			isa = XCBuildConfiguration;
			baseConfigurationReference = A196883168F4BEF0144199A0 /* Pods-NoSMSTests.release.xcconfig */;
			buildSettings = {
				ALWAYS_EMBED_SWIFT_STANDARD_LIBRARIES = YES;
				BUNDLE_LOADER = "$(TEST_HOST)";
				CODE_SIGN_STYLE = Automatic;
				DEVELOPMENT_TEAM = K889LGV7VJ;
				INFOPLIST_FILE = NoSMS/Info.plist;
				IPHONEOS_DEPLOYMENT_TARGET = 13.0;
				LD_RUNPATH_SEARCH_PATHS = (
					"$(inherited)",
					"@executable_path/Frameworks",
					"@loader_path/Frameworks",
				);
				PRODUCT_BUNDLE_IDENTIFIER = AzureTW.TWAzureAuthenticatorTests;
				PRODUCT_NAME = "$(TARGET_NAME)";
				SWIFT_VERSION = 5.0;
				TARGETED_DEVICE_FAMILY = "1,2";
				TEST_HOST = "$(BUILT_PRODUCTS_DIR)/NoSMS.app/NoSMS";
			};
			name = Release;
		};
		2AF6555B2387ABA8000D8787 /* Debug */ = {
			isa = XCBuildConfiguration;
			baseConfigurationReference = CBD28FD7B7CA61CFE1125CDC /* Pods-NoSMSUITests.debug.xcconfig */;
			buildSettings = {
				ALWAYS_EMBED_SWIFT_STANDARD_LIBRARIES = YES;
				CODE_SIGN_STYLE = Automatic;
				DEVELOPMENT_TEAM = K889LGV7VJ;
				INFOPLIST_FILE = NoSMS/Info.plist;
				LD_RUNPATH_SEARCH_PATHS = (
					"$(inherited)",
					"@executable_path/Frameworks",
					"@loader_path/Frameworks",
				);
				PRODUCT_BUNDLE_IDENTIFIER = AzureTW.TWAzureAuthenticatorUITests;
				PRODUCT_NAME = "$(TARGET_NAME)";
				SWIFT_VERSION = 5.0;
				TARGETED_DEVICE_FAMILY = "1,2";
				TEST_TARGET_NAME = TWAzureAuthenticator;
			};
			name = Debug;
		};
		2AF6555C2387ABA8000D8787 /* Release */ = {
			isa = XCBuildConfiguration;
			baseConfigurationReference = 882C5645A49849890634181A /* Pods-NoSMSUITests.release.xcconfig */;
			buildSettings = {
				ALWAYS_EMBED_SWIFT_STANDARD_LIBRARIES = YES;
				CODE_SIGN_STYLE = Automatic;
				DEVELOPMENT_TEAM = K889LGV7VJ;
				INFOPLIST_FILE = NoSMS/Info.plist;
				LD_RUNPATH_SEARCH_PATHS = (
					"$(inherited)",
					"@executable_path/Frameworks",
					"@loader_path/Frameworks",
				);
				PRODUCT_BUNDLE_IDENTIFIER = AzureTW.TWAzureAuthenticatorUITests;
				PRODUCT_NAME = "$(TARGET_NAME)";
				SWIFT_VERSION = 5.0;
				TARGETED_DEVICE_FAMILY = "1,2";
				TEST_TARGET_NAME = TWAzureAuthenticator;
			};
			name = Release;
		};
/* End XCBuildConfiguration section */

/* Begin XCConfigurationList section */
		2AF655252387ABA6000D8787 /* Build configuration list for PBXProject "NoSMS" */ = {
			isa = XCConfigurationList;
			buildConfigurations = (
				2AF655522387ABA8000D8787 /* Debug */,
				2AF655532387ABA8000D8787 /* Release */,
			);
			defaultConfigurationIsVisible = 0;
			defaultConfigurationName = Release;
		};
		2AF655542387ABA8000D8787 /* Build configuration list for PBXNativeTarget "NoSMS" */ = {
			isa = XCConfigurationList;
			buildConfigurations = (
				2AF655552387ABA8000D8787 /* Debug */,
				2AF655562387ABA8000D8787 /* Release */,
			);
			defaultConfigurationIsVisible = 0;
			defaultConfigurationName = Release;
		};
		2AF655572387ABA8000D8787 /* Build configuration list for PBXNativeTarget "NoSMSTests" */ = {
			isa = XCConfigurationList;
			buildConfigurations = (
				2AF655582387ABA8000D8787 /* Debug */,
				2AF655592387ABA8000D8787 /* Release */,
			);
			defaultConfigurationIsVisible = 0;
			defaultConfigurationName = Release;
		};
		2AF6555A2387ABA8000D8787 /* Build configuration list for PBXNativeTarget "NoSMSUITests" */ = {
			isa = XCConfigurationList;
			buildConfigurations = (
				2AF6555B2387ABA8000D8787 /* Debug */,
				2AF6555C2387ABA8000D8787 /* Release */,
			);
			defaultConfigurationIsVisible = 0;
			defaultConfigurationName = Release;
		};
/* End XCConfigurationList section */
	};
	rootObject = 2AF655222387ABA6000D8787 /* Project object */;
}
